// !$*UTF8*$!
{
	archiveVersion = 1;
	classes = {
	};
	objectVersion = 46;
	objects = {

/* Begin PBXBuildFile section */
		0426142D1EC2D2E90031ACC7 /* Assets.xcassets in Resources */ = {isa = PBXBuildFile; fileRef = 0426142C1EC2D2E90031ACC7 /* Assets.xcassets */; };
		0426143B1EC2D2E90031ACC7 /* HotWeiBoTests.m in Sources */ = {isa = PBXBuildFile; fileRef = 0426143A1EC2D2E90031ACC7 /* HotWeiBoTests.m */; };
		042614461EC2D2EA0031ACC7 /* HotWeiBoUITests.m in Sources */ = {isa = PBXBuildFile; fileRef = 042614451EC2D2EA0031ACC7 /* HotWeiBoUITests.m */; };
		04B5B7D91EC2F16900E535B1 /* AppDelegate.m in Sources */ = {isa = PBXBuildFile; fileRef = 04B5B7CA1EC2F16800E535B1 /* AppDelegate.m */; };
		04B5B7DA1EC2F16900E535B1 /* main.m in Sources */ = {isa = PBXBuildFile; fileRef = 04B5B7CB1EC2F16800E535B1 /* main.m */; };
		04B5B7DD1EC2F45C00E535B1 /* XFFTabBarController.m in Sources */ = {isa = PBXBuildFile; fileRef = 04B5B7DC1EC2F45C00E535B1 /* XFFTabBarController.m */; };
		04B5B7E01EC2F4E200E535B1 /* XFFHomeViewController.m in Sources */ = {isa = PBXBuildFile; fileRef = 04B5B7DF1EC2F4E200E535B1 /* XFFHomeViewController.m */; };
		04B5B7E31EC2F4FA00E535B1 /* XFFDiscoverViewController.m in Sources */ = {isa = PBXBuildFile; fileRef = 04B5B7E21EC2F4FA00E535B1 /* XFFDiscoverViewController.m */; };
		04B5B7E61EC2F51200E535B1 /* XFFMessageViewController.m in Sources */ = {isa = PBXBuildFile; fileRef = 04B5B7E51EC2F51200E535B1 /* XFFMessageViewController.m */; };
		04B5B7E91EC2F52300E535B1 /* XFFProfileViewController.m in Sources */ = {isa = PBXBuildFile; fileRef = 04B5B7E81EC2F52300E535B1 /* XFFProfileViewController.m */; };
		04B5B7ED1EC308EE00E535B1 /* XFFTabBar.m in Sources */ = {isa = PBXBuildFile; fileRef = 04B5B7EC1EC308EE00E535B1 /* XFFTabBar.m */; };
		04B5B7F01EC3150D00E535B1 /* UIView+Extension.m in Sources */ = {isa = PBXBuildFile; fileRef = 04B5B7EF1EC3150D00E535B1 /* UIView+Extension.m */; };
		04B5B7F61EC344BE00E535B1 /* UIBarButtonItem+Extension.m in Sources */ = {isa = PBXBuildFile; fileRef = 04B5B7F51EC344BE00E535B1 /* UIBarButtonItem+Extension.m */; };
		04B5B7F91EC349F100E535B1 /* XFFTitleButton.m in Sources */ = {isa = PBXBuildFile; fileRef = 04B5B7F81EC349F100E535B1 /* XFFTitleButton.m */; };
		04B5B7FC1ECADDDD00E535B1 /* XFFPopMenu.m in Sources */ = {isa = PBXBuildFile; fileRef = 04B5B7FB1ECADDDD00E535B1 /* XFFPopMenu.m */; };
		04B5B7FF1ECAF1E600E535B1 /* XFFPopMenuController.m in Sources */ = {isa = PBXBuildFile; fileRef = 04B5B7FE1ECAF1E600E535B1 /* XFFPopMenuController.m */; };
		04B5B8061ECB0ADA00E535B1 /* XFFOauthController.m in Sources */ = {isa = PBXBuildFile; fileRef = 04B5B8051ECB0ADA00E535B1 /* XFFOauthController.m */; };
		04CC073F1ECDC13F00401AEC /* NSString+Date.m in Sources */ = {isa = PBXBuildFile; fileRef = 04CC073E1ECDC13F00401AEC /* NSString+Date.m */; };
		04CC07421ECFDEE400401AEC /* XFFLoadMoreFooter.m in Sources */ = {isa = PBXBuildFile; fileRef = 04CC07411ECFDEE400401AEC /* XFFLoadMoreFooter.m */; };
		04CC07441ECFDF0C00401AEC /* XFFLoadMoreFooter.xib in Resources */ = {isa = PBXBuildFile; fileRef = 04CC07431ECFDF0C00401AEC /* XFFLoadMoreFooter.xib */; };
		04D3BA711ECC34FB002B961F /* MBProgressHUD.bundle in Resources */ = {isa = PBXBuildFile; fileRef = 04D3BA6E1ECC34FB002B961F /* MBProgressHUD.bundle */; };
		04D3BA721ECC34FB002B961F /* MBProgressHUD+MJ.m in Sources */ = {isa = PBXBuildFile; fileRef = 04D3BA701ECC34FB002B961F /* MBProgressHUD+MJ.m */; };
		04D3BA751ECC8DAC002B961F /* XFFStatus.m in Sources */ = {isa = PBXBuildFile; fileRef = 04D3BA741ECC8DAC002B961F /* XFFStatus.m */; };
		04D3BA781ECC8DBA002B961F /* XFFUser.m in Sources */ = {isa = PBXBuildFile; fileRef = 04D3BA771ECC8DBA002B961F /* XFFUser.m */; };
		04D3BA7B1ECD8A8D002B961F /* XFFHomeStatusResult.m in Sources */ = {isa = PBXBuildFile; fileRef = 04D3BA7A1ECD8A8D002B961F /* XFFHomeStatusResult.m */; };
		04D3BA7E1ECD9163002B961F /* XFFPicUrl.m in Sources */ = {isa = PBXBuildFile; fileRef = 04D3BA7D1ECD9162002B961F /* XFFPicUrl.m */; };
		04D3BA811ECDACF7002B961F /* NSDate+Extension.m in Sources */ = {isa = PBXBuildFile; fileRef = 04D3BA801ECDACF7002B961F /* NSDate+Extension.m */; };
		04D6C6411ECC1C3A004F4045 /* XFFAccount.m in Sources */ = {isa = PBXBuildFile; fileRef = 04D6C6401ECC1C3A004F4045 /* XFFAccount.m */; };
		04D6C6451ECC2297004F4045 /* XFFAccountDao.m in Sources */ = {isa = PBXBuildFile; fileRef = 04D6C6441ECC2297004F4045 /* XFFAccountDao.m */; };
		B3996E1871232961BF88B5EA /* libPods-HotWeiBo.a in Frameworks */ = {isa = PBXBuildFile; fileRef = E5DC29E7E1004F441AD98D59 /* libPods-HotWeiBo.a */; };
/* End PBXBuildFile section */

/* Begin PBXContainerItemProxy section */
		042614371EC2D2E90031ACC7 /* PBXContainerItemProxy */ = {
			isa = PBXContainerItemProxy;
			containerPortal = 042614151EC2D2E80031ACC7 /* Project object */;
			proxyType = 1;
			remoteGlobalIDString = 0426141C1EC2D2E90031ACC7;
			remoteInfo = HotWeiBo;
		};
		042614421EC2D2EA0031ACC7 /* PBXContainerItemProxy */ = {
			isa = PBXContainerItemProxy;
			containerPortal = 042614151EC2D2E80031ACC7 /* Project object */;
			proxyType = 1;
			remoteGlobalIDString = 0426141C1EC2D2E90031ACC7;
			remoteInfo = HotWeiBo;
		};
/* End PBXContainerItemProxy section */

/* Begin PBXFileReference section */
		0426141D1EC2D2E90031ACC7 /* HotWeiBo.app */ = {isa = PBXFileReference; explicitFileType = wrapper.application; includeInIndex = 0; path = HotWeiBo.app; sourceTree = BUILT_PRODUCTS_DIR; };
		0426142C1EC2D2E90031ACC7 /* Assets.xcassets */ = {isa = PBXFileReference; lastKnownFileType = folder.assetcatalog; path = Assets.xcassets; sourceTree = "<group>"; };
		042614311EC2D2E90031ACC7 /* Info.plist */ = {isa = PBXFileReference; lastKnownFileType = text.plist.xml; path = Info.plist; sourceTree = "<group>"; };
		042614361EC2D2E90031ACC7 /* HotWeiBoTests.xctest */ = {isa = PBXFileReference; explicitFileType = wrapper.cfbundle; includeInIndex = 0; path = HotWeiBoTests.xctest; sourceTree = BUILT_PRODUCTS_DIR; };
		0426143A1EC2D2E90031ACC7 /* HotWeiBoTests.m */ = {isa = PBXFileReference; lastKnownFileType = sourcecode.c.objc; path = HotWeiBoTests.m; sourceTree = "<group>"; };
		0426143C1EC2D2E90031ACC7 /* Info.plist */ = {isa = PBXFileReference; lastKnownFileType = text.plist.xml; path = Info.plist; sourceTree = "<group>"; };
		042614411EC2D2EA0031ACC7 /* HotWeiBoUITests.xctest */ = {isa = PBXFileReference; explicitFileType = wrapper.cfbundle; includeInIndex = 0; path = HotWeiBoUITests.xctest; sourceTree = BUILT_PRODUCTS_DIR; };
		042614451EC2D2EA0031ACC7 /* HotWeiBoUITests.m */ = {isa = PBXFileReference; lastKnownFileType = sourcecode.c.objc; path = HotWeiBoUITests.m; sourceTree = "<group>"; };
		042614471EC2D2EA0031ACC7 /* Info.plist */ = {isa = PBXFileReference; lastKnownFileType = text.plist.xml; path = Info.plist; sourceTree = "<group>"; };
		04B5B7C91EC2F16800E535B1 /* AppDelegate.h */ = {isa = PBXFileReference; fileEncoding = 4; lastKnownFileType = sourcecode.c.h; path = AppDelegate.h; sourceTree = "<group>"; };
		04B5B7CA1EC2F16800E535B1 /* AppDelegate.m */ = {isa = PBXFileReference; fileEncoding = 4; lastKnownFileType = sourcecode.c.objc; path = AppDelegate.m; sourceTree = "<group>"; };
		04B5B7CB1EC2F16800E535B1 /* main.m */ = {isa = PBXFileReference; fileEncoding = 4; lastKnownFileType = sourcecode.c.objc; path = main.m; sourceTree = "<group>"; };
		04B5B7DB1EC2F45C00E535B1 /* XFFTabBarController.h */ = {isa = PBXFileReference; fileEncoding = 4; lastKnownFileType = sourcecode.c.h; path = XFFTabBarController.h; sourceTree = "<group>"; };
		04B5B7DC1EC2F45C00E535B1 /* XFFTabBarController.m */ = {isa = PBXFileReference; fileEncoding = 4; lastKnownFileType = sourcecode.c.objc; path = XFFTabBarController.m; sourceTree = "<group>"; };
		04B5B7DE1EC2F4E200E535B1 /* XFFHomeViewController.h */ = {isa = PBXFileReference; fileEncoding = 4; lastKnownFileType = sourcecode.c.h; path = XFFHomeViewController.h; sourceTree = "<group>"; };
		04B5B7DF1EC2F4E200E535B1 /* XFFHomeViewController.m */ = {isa = PBXFileReference; fileEncoding = 4; lastKnownFileType = sourcecode.c.objc; path = XFFHomeViewController.m; sourceTree = "<group>"; };
		04B5B7E11EC2F4FA00E535B1 /* XFFDiscoverViewController.h */ = {isa = PBXFileReference; fileEncoding = 4; lastKnownFileType = sourcecode.c.h; path = XFFDiscoverViewController.h; sourceTree = "<group>"; };
		04B5B7E21EC2F4FA00E535B1 /* XFFDiscoverViewController.m */ = {isa = PBXFileReference; fileEncoding = 4; lastKnownFileType = sourcecode.c.objc; path = XFFDiscoverViewController.m; sourceTree = "<group>"; };
		04B5B7E41EC2F51200E535B1 /* XFFMessageViewController.h */ = {isa = PBXFileReference; fileEncoding = 4; lastKnownFileType = sourcecode.c.h; path = XFFMessageViewController.h; sourceTree = "<group>"; };
		04B5B7E51EC2F51200E535B1 /* XFFMessageViewController.m */ = {isa = PBXFileReference; fileEncoding = 4; lastKnownFileType = sourcecode.c.objc; path = XFFMessageViewController.m; sourceTree = "<group>"; };
		04B5B7E71EC2F52300E535B1 /* XFFProfileViewController.h */ = {isa = PBXFileReference; fileEncoding = 4; lastKnownFileType = sourcecode.c.h; path = XFFProfileViewController.h; sourceTree = "<group>"; };
		04B5B7E81EC2F52300E535B1 /* XFFProfileViewController.m */ = {isa = PBXFileReference; fileEncoding = 4; lastKnownFileType = sourcecode.c.objc; path = XFFProfileViewController.m; sourceTree = "<group>"; };
		04B5B7EA1EC304A800E535B1 /* HotWeiBo.pch */ = {isa = PBXFileReference; lastKnownFileType = sourcecode.c.h; path = HotWeiBo.pch; sourceTree = "<group>"; };
		04B5B7EB1EC308EE00E535B1 /* XFFTabBar.h */ = {isa = PBXFileReference; fileEncoding = 4; lastKnownFileType = sourcecode.c.h; path = XFFTabBar.h; sourceTree = "<group>"; };
		04B5B7EC1EC308EE00E535B1 /* XFFTabBar.m */ = {isa = PBXFileReference; fileEncoding = 4; lastKnownFileType = sourcecode.c.objc; path = XFFTabBar.m; sourceTree = "<group>"; };
		04B5B7EE1EC3150D00E535B1 /* UIView+Extension.h */ = {isa = PBXFileReference; fileEncoding = 4; lastKnownFileType = sourcecode.c.h; path = "UIView+Extension.h"; sourceTree = "<group>"; };
		04B5B7EF1EC3150D00E535B1 /* UIView+Extension.m */ = {isa = PBXFileReference; fileEncoding = 4; lastKnownFileType = sourcecode.c.objc; path = "UIView+Extension.m"; sourceTree = "<group>"; };
		04B5B7F41EC344BE00E535B1 /* UIBarButtonItem+Extension.h */ = {isa = PBXFileReference; fileEncoding = 4; lastKnownFileType = sourcecode.c.h; path = "UIBarButtonItem+Extension.h"; sourceTree = "<group>"; };
		04B5B7F51EC344BE00E535B1 /* UIBarButtonItem+Extension.m */ = {isa = PBXFileReference; fileEncoding = 4; lastKnownFileType = sourcecode.c.objc; path = "UIBarButtonItem+Extension.m"; sourceTree = "<group>"; };
		04B5B7F71EC349F100E535B1 /* XFFTitleButton.h */ = {isa = PBXFileReference; fileEncoding = 4; lastKnownFileType = sourcecode.c.h; path = XFFTitleButton.h; sourceTree = "<group>"; };
		04B5B7F81EC349F100E535B1 /* XFFTitleButton.m */ = {isa = PBXFileReference; fileEncoding = 4; lastKnownFileType = sourcecode.c.objc; path = XFFTitleButton.m; sourceTree = "<group>"; };
		04B5B7FA1ECADDDD00E535B1 /* XFFPopMenu.h */ = {isa = PBXFileReference; fileEncoding = 4; lastKnownFileType = sourcecode.c.h; path = XFFPopMenu.h; sourceTree = "<group>"; };
		04B5B7FB1ECADDDD00E535B1 /* XFFPopMenu.m */ = {isa = PBXFileReference; fileEncoding = 4; lastKnownFileType = sourcecode.c.objc; path = XFFPopMenu.m; sourceTree = "<group>"; };
		04B5B7FD1ECAF1E600E535B1 /* XFFPopMenuController.h */ = {isa = PBXFileReference; fileEncoding = 4; lastKnownFileType = sourcecode.c.h; path = XFFPopMenuController.h; sourceTree = "<group>"; };
		04B5B7FE1ECAF1E600E535B1 /* XFFPopMenuController.m */ = {isa = PBXFileReference; fileEncoding = 4; lastKnownFileType = sourcecode.c.objc; path = XFFPopMenuController.m; sourceTree = "<group>"; };
		04B5B8041ECB0ADA00E535B1 /* XFFOauthController.h */ = {isa = PBXFileReference; fileEncoding = 4; lastKnownFileType = sourcecode.c.h; path = XFFOauthController.h; sourceTree = "<group>"; };
		04B5B8051ECB0ADA00E535B1 /* XFFOauthController.m */ = {isa = PBXFileReference; fileEncoding = 4; lastKnownFileType = sourcecode.c.objc; path = XFFOauthController.m; sourceTree = "<group>"; };
		04CC073D1ECDC13F00401AEC /* NSString+Date.h */ = {isa = PBXFileReference; fileEncoding = 4; lastKnownFileType = sourcecode.c.h; path = "NSString+Date.h"; sourceTree = "<group>"; };
		04CC073E1ECDC13F00401AEC /* NSString+Date.m */ = {isa = PBXFileReference; fileEncoding = 4; lastKnownFileType = sourcecode.c.objc; path = "NSString+Date.m"; sourceTree = "<group>"; };
		04CC07401ECFDEE400401AEC /* XFFLoadMoreFooter.h */ = {isa = PBXFileReference; fileEncoding = 4; lastKnownFileType = sourcecode.c.h; path = XFFLoadMoreFooter.h; sourceTree = "<group>"; };
		04CC07411ECFDEE400401AEC /* XFFLoadMoreFooter.m */ = {isa = PBXFileReference; fileEncoding = 4; lastKnownFileType = sourcecode.c.objc; path = XFFLoadMoreFooter.m; sourceTree = "<group>"; };
		04CC07431ECFDF0C00401AEC /* XFFLoadMoreFooter.xib */ = {isa = PBXFileReference; fileEncoding = 4; lastKnownFileType = file.xib; path = XFFLoadMoreFooter.xib; sourceTree = "<group>"; };
		04D3BA6E1ECC34FB002B961F /* MBProgressHUD.bundle */ = {isa = PBXFileReference; lastKnownFileType = "wrapper.plug-in"; path = MBProgressHUD.bundle; sourceTree = "<group>"; };
		04D3BA6F1ECC34FB002B961F /* MBProgressHUD+MJ.h */ = {isa = PBXFileReference; fileEncoding = 4; lastKnownFileType = sourcecode.c.h; path = "MBProgressHUD+MJ.h"; sourceTree = "<group>"; };
		04D3BA701ECC34FB002B961F /* MBProgressHUD+MJ.m */ = {isa = PBXFileReference; fileEncoding = 4; lastKnownFileType = sourcecode.c.objc; path = "MBProgressHUD+MJ.m"; sourceTree = "<group>"; };
		04D3BA731ECC8DAC002B961F /* XFFStatus.h */ = {isa = PBXFileReference; fileEncoding = 4; lastKnownFileType = sourcecode.c.h; path = XFFStatus.h; sourceTree = "<group>"; };
		04D3BA741ECC8DAC002B961F /* XFFStatus.m */ = {isa = PBXFileReference; fileEncoding = 4; lastKnownFileType = sourcecode.c.objc; path = XFFStatus.m; sourceTree = "<group>"; };
		04D3BA761ECC8DBA002B961F /* XFFUser.h */ = {isa = PBXFileReference; fileEncoding = 4; lastKnownFileType = sourcecode.c.h; path = XFFUser.h; sourceTree = "<group>"; };
		04D3BA771ECC8DBA002B961F /* XFFUser.m */ = {isa = PBXFileReference; fileEncoding = 4; lastKnownFileType = sourcecode.c.objc; path = XFFUser.m; sourceTree = "<group>"; };
		04D3BA791ECD8A8D002B961F /* XFFHomeStatusResult.h */ = {isa = PBXFileReference; fileEncoding = 4; lastKnownFileType = sourcecode.c.h; path = XFFHomeStatusResult.h; sourceTree = "<group>"; };
		04D3BA7A1ECD8A8D002B961F /* XFFHomeStatusResult.m */ = {isa = PBXFileReference; fileEncoding = 4; lastKnownFileType = sourcecode.c.objc; path = XFFHomeStatusResult.m; sourceTree = "<group>"; };
		04D3BA7C1ECD9162002B961F /* XFFPicUrl.h */ = {isa = PBXFileReference; fileEncoding = 4; lastKnownFileType = sourcecode.c.h; path = XFFPicUrl.h; sourceTree = "<group>"; };
		04D3BA7D1ECD9162002B961F /* XFFPicUrl.m */ = {isa = PBXFileReference; fileEncoding = 4; lastKnownFileType = sourcecode.c.objc; path = XFFPicUrl.m; sourceTree = "<group>"; };
		04D3BA7F1ECDACF7002B961F /* NSDate+Extension.h */ = {isa = PBXFileReference; fileEncoding = 4; lastKnownFileType = sourcecode.c.h; path = "NSDate+Extension.h"; sourceTree = "<group>"; };
		04D3BA801ECDACF7002B961F /* NSDate+Extension.m */ = {isa = PBXFileReference; fileEncoding = 4; lastKnownFileType = sourcecode.c.objc; path = "NSDate+Extension.m"; sourceTree = "<group>"; };
		04D6C63F1ECC1C3A004F4045 /* XFFAccount.h */ = {isa = PBXFileReference; fileEncoding = 4; lastKnownFileType = sourcecode.c.h; path = XFFAccount.h; sourceTree = "<group>"; };
		04D6C6401ECC1C3A004F4045 /* XFFAccount.m */ = {isa = PBXFileReference; fileEncoding = 4; lastKnownFileType = sourcecode.c.objc; path = XFFAccount.m; sourceTree = "<group>"; };
		04D6C6431ECC2297004F4045 /* XFFAccountDao.h */ = {isa = PBXFileReference; fileEncoding = 4; lastKnownFileType = sourcecode.c.h; path = XFFAccountDao.h; sourceTree = "<group>"; };
		04D6C6441ECC2297004F4045 /* XFFAccountDao.m */ = {isa = PBXFileReference; fileEncoding = 4; lastKnownFileType = sourcecode.c.objc; path = XFFAccountDao.m; sourceTree = "<group>"; };
		1313267BB48A1F24DF5A2F9F /* Pods-HotWeiBo.debug.xcconfig */ = {isa = PBXFileReference; includeInIndex = 1; lastKnownFileType = text.xcconfig; name = "Pods-HotWeiBo.debug.xcconfig"; path = "Pods/Target Support Files/Pods-HotWeiBo/Pods-HotWeiBo.debug.xcconfig"; sourceTree = "<group>"; };
		9DCE9D2A1FF9D36AA53C8CFA /* Pods-HotWeiBo.release.xcconfig */ = {isa = PBXFileReference; includeInIndex = 1; lastKnownFileType = text.xcconfig; name = "Pods-HotWeiBo.release.xcconfig"; path = "Pods/Target Support Files/Pods-HotWeiBo/Pods-HotWeiBo.release.xcconfig"; sourceTree = "<group>"; };
		E5DC29E7E1004F441AD98D59 /* libPods-HotWeiBo.a */ = {isa = PBXFileReference; explicitFileType = archive.ar; includeInIndex = 0; path = "libPods-HotWeiBo.a"; sourceTree = BUILT_PRODUCTS_DIR; };
/* End PBXFileReference section */

/* Begin PBXFrameworksBuildPhase section */
		0426141A1EC2D2E90031ACC7 /* Frameworks */ = {
			isa = PBXFrameworksBuildPhase;
			buildActionMask = 2147483647;
			files = (
				B3996E1871232961BF88B5EA /* libPods-HotWeiBo.a in Frameworks */,
			);
			runOnlyForDeploymentPostprocessing = 0;
		};
		042614331EC2D2E90031ACC7 /* Frameworks */ = {
			isa = PBXFrameworksBuildPhase;
			buildActionMask = 2147483647;
			files = (
			);
			runOnlyForDeploymentPostprocessing = 0;
		};
		0426143E1EC2D2EA0031ACC7 /* Frameworks */ = {
			isa = PBXFrameworksBuildPhase;
			buildActionMask = 2147483647;
			files = (
			);
			runOnlyForDeploymentPostprocessing = 0;
		};
/* End PBXFrameworksBuildPhase section */

/* Begin PBXGroup section */
		041EC2C042B5E8CF1D1FBBB8 /* Pods */ = {
			isa = PBXGroup;
			children = (
				1313267BB48A1F24DF5A2F9F /* Pods-HotWeiBo.debug.xcconfig */,
				9DCE9D2A1FF9D36AA53C8CFA /* Pods-HotWeiBo.release.xcconfig */,
			);
			name = Pods;
			sourceTree = "<group>";
		};
		042614141EC2D2E80031ACC7 = {
			isa = PBXGroup;
			children = (
				0426141F1EC2D2E90031ACC7 /* HotWeiBo */,
				042614391EC2D2E90031ACC7 /* HotWeiBoTests */,
				042614441EC2D2EA0031ACC7 /* HotWeiBoUITests */,
				0426141E1EC2D2E90031ACC7 /* Products */,
				041EC2C042B5E8CF1D1FBBB8 /* Pods */,
				858EB4204230BAC54420594E /* Frameworks */,
			);
			sourceTree = "<group>";
		};
		0426141E1EC2D2E90031ACC7 /* Products */ = {
			isa = PBXGroup;
			children = (
				0426141D1EC2D2E90031ACC7 /* HotWeiBo.app */,
				042614361EC2D2E90031ACC7 /* HotWeiBoTests.xctest */,
				042614411EC2D2EA0031ACC7 /* HotWeiBoUITests.xctest */,
			);
			name = Products;
			sourceTree = "<group>";
		};
		0426141F1EC2D2E90031ACC7 /* HotWeiBo */ = {
			isa = PBXGroup;
			children = (
				04B5B7BA1EC2F16800E535B1 /* Classes */,
				0426142C1EC2D2E90031ACC7 /* Assets.xcassets */,
				042614311EC2D2E90031ACC7 /* Info.plist */,
				042614201EC2D2E90031ACC7 /* Supporting Files */,
			);
			path = HotWeiBo;
			sourceTree = "<group>";
		};
		042614201EC2D2E90031ACC7 /* Supporting Files */ = {
			isa = PBXGroup;
			children = (
			);
			name = "Supporting Files";
			sourceTree = "<group>";
		};
		042614391EC2D2E90031ACC7 /* HotWeiBoTests */ = {
			isa = PBXGroup;
			children = (
				0426143A1EC2D2E90031ACC7 /* HotWeiBoTests.m */,
				0426143C1EC2D2E90031ACC7 /* Info.plist */,
			);
			path = HotWeiBoTests;
			sourceTree = "<group>";
		};
		042614441EC2D2EA0031ACC7 /* HotWeiBoUITests */ = {
			isa = PBXGroup;
			children = (
				042614451EC2D2EA0031ACC7 /* HotWeiBoUITests.m */,
				042614471EC2D2EA0031ACC7 /* Info.plist */,
			);
			path = HotWeiBoUITests;
			sourceTree = "<group>";
		};
		04B5B7BA1EC2F16800E535B1 /* Classes */ = {
			isa = PBXGroup;
			children = (
				04B5B8001ECB0AB400E535B1 /* Oauth */,
				04B5B7BB1EC2F16800E535B1 /* Discover */,
				04B5B7BF1EC2F16800E535B1 /* Home */,
				04B5B7C31EC2F16800E535B1 /* Main */,
				04B5B7CD1EC2F16800E535B1 /* Message */,
				04B5B7D11EC2F16800E535B1 /* Profile */,
				04B5B7D51EC2F16800E535B1 /* Test */,
			);
			path = Classes;
			sourceTree = "<group>";
		};
		04B5B7BB1EC2F16800E535B1 /* Discover */ = {
			isa = PBXGroup;
			children = (
				04B5B7BC1EC2F16800E535B1 /* Controller */,
				04B5B7BD1EC2F16800E535B1 /* Model */,
				04B5B7BE1EC2F16800E535B1 /* View */,
			);
			path = Discover;
			sourceTree = "<group>";
		};
		04B5B7BC1EC2F16800E535B1 /* Controller */ = {
			isa = PBXGroup;
			children = (
				04B5B7E11EC2F4FA00E535B1 /* XFFDiscoverViewController.h */,
				04B5B7E21EC2F4FA00E535B1 /* XFFDiscoverViewController.m */,
			);
			path = Controller;
			sourceTree = "<group>";
		};
		04B5B7BD1EC2F16800E535B1 /* Model */ = {
			isa = PBXGroup;
			children = (
			);
			path = Model;
			sourceTree = "<group>";
		};
		04B5B7BE1EC2F16800E535B1 /* View */ = {
			isa = PBXGroup;
			children = (
			);
			path = View;
			sourceTree = "<group>";
		};
		04B5B7BF1EC2F16800E535B1 /* Home */ = {
			isa = PBXGroup;
			children = (
				04B5B7C01EC2F16800E535B1 /* Controller */,
				04B5B7C11EC2F16800E535B1 /* Model */,
				04B5B7C21EC2F16800E535B1 /* View */,
			);
			path = Home;
			sourceTree = "<group>";
		};
		04B5B7C01EC2F16800E535B1 /* Controller */ = {
			isa = PBXGroup;
			children = (
				04B5B7DE1EC2F4E200E535B1 /* XFFHomeViewController.h */,
				04B5B7DF1EC2F4E200E535B1 /* XFFHomeViewController.m */,
				04B5B7FD1ECAF1E600E535B1 /* XFFPopMenuController.h */,
				04B5B7FE1ECAF1E600E535B1 /* XFFPopMenuController.m */,
			);
			path = Controller;
			sourceTree = "<group>";
		};
		04B5B7C11EC2F16800E535B1 /* Model */ = {
			isa = PBXGroup;
			children = (
				04D3BA731ECC8DAC002B961F /* XFFStatus.h */,
				04D3BA741ECC8DAC002B961F /* XFFStatus.m */,
				04D3BA761ECC8DBA002B961F /* XFFUser.h */,
				04D3BA771ECC8DBA002B961F /* XFFUser.m */,
				04D3BA791ECD8A8D002B961F /* XFFHomeStatusResult.h */,
				04D3BA7A1ECD8A8D002B961F /* XFFHomeStatusResult.m */,
				04D3BA7C1ECD9162002B961F /* XFFPicUrl.h */,
				04D3BA7D1ECD9162002B961F /* XFFPicUrl.m */,
			);
			path = Model;
			sourceTree = "<group>";
		};
		04B5B7C21EC2F16800E535B1 /* View */ = {
			isa = PBXGroup;
			children = (
				04B5B7F71EC349F100E535B1 /* XFFTitleButton.h */,
				04B5B7F81EC349F100E535B1 /* XFFTitleButton.m */,
				04B5B7FA1ECADDDD00E535B1 /* XFFPopMenu.h */,
				04B5B7FB1ECADDDD00E535B1 /* XFFPopMenu.m */,
				04CC07401ECFDEE400401AEC /* XFFLoadMoreFooter.h */,
				04CC07411ECFDEE400401AEC /* XFFLoadMoreFooter.m */,
				04CC07431ECFDF0C00401AEC /* XFFLoadMoreFooter.xib */,
			);
			path = View;
			sourceTree = "<group>";
		};
		04B5B7C31EC2F16800E535B1 /* Main */ = {
			isa = PBXGroup;
			children = (
				04B5B7C41EC2F16800E535B1 /* Category */,
				04B5B7C51EC2F16800E535B1 /* Controller */,
				04B5B7C61EC2F16800E535B1 /* Lib */,
				04B5B7C71EC2F16800E535B1 /* Model */,
				04B5B7C81EC2F16800E535B1 /* Other */,
				04B5B7CC1EC2F16800E535B1 /* View */,
			);
			path = Main;
			sourceTree = "<group>";
		};
		04B5B7C41EC2F16800E535B1 /* Category */ = {
			isa = PBXGroup;
			children = (
				04B5B7EE1EC3150D00E535B1 /* UIView+Extension.h */,
				04B5B7EF1EC3150D00E535B1 /* UIView+Extension.m */,
				04B5B7F41EC344BE00E535B1 /* UIBarButtonItem+Extension.h */,
				04B5B7F51EC344BE00E535B1 /* UIBarButtonItem+Extension.m */,
				04D3BA7F1ECDACF7002B961F /* NSDate+Extension.h */,
				04D3BA801ECDACF7002B961F /* NSDate+Extension.m */,
				04CC073D1ECDC13F00401AEC /* NSString+Date.h */,
				04CC073E1ECDC13F00401AEC /* NSString+Date.m */,
			);
			path = Category;
			sourceTree = "<group>";
		};
		04B5B7C51EC2F16800E535B1 /* Controller */ = {
			isa = PBXGroup;
			children = (
				04B5B7DB1EC2F45C00E535B1 /* XFFTabBarController.h */,
				04B5B7DC1EC2F45C00E535B1 /* XFFTabBarController.m */,
			);
			path = Controller;
			sourceTree = "<group>";
		};
		04B5B7C61EC2F16800E535B1 /* Lib */ = {
			isa = PBXGroup;
			children = (
				04D3BA6E1ECC34FB002B961F /* MBProgressHUD.bundle */,
				04D3BA6F1ECC34FB002B961F /* MBProgressHUD+MJ.h */,
				04D3BA701ECC34FB002B961F /* MBProgressHUD+MJ.m */,
			);
			path = Lib;
			sourceTree = "<group>";
		};
		04B5B7C71EC2F16800E535B1 /* Model */ = {
			isa = PBXGroup;
			children = (
			);
			path = Model;
			sourceTree = "<group>";
		};
		04B5B7C81EC2F16800E535B1 /* Other */ = {
			isa = PBXGroup;
			children = (
				04B5B7C91EC2F16800E535B1 /* AppDelegate.h */,
				04B5B7CA1EC2F16800E535B1 /* AppDelegate.m */,
				04B5B7CB1EC2F16800E535B1 /* main.m */,
				04B5B7EA1EC304A800E535B1 /* HotWeiBo.pch */,
			);
			path = Other;
			sourceTree = "<group>";
		};
		04B5B7CC1EC2F16800E535B1 /* View */ = {
			isa = PBXGroup;
			children = (
				04B5B7EB1EC308EE00E535B1 /* XFFTabBar.h */,
				04B5B7EC1EC308EE00E535B1 /* XFFTabBar.m */,
			);
			path = View;
			sourceTree = "<group>";
		};
		04B5B7CD1EC2F16800E535B1 /* Message */ = {
			isa = PBXGroup;
			children = (
				04B5B7CE1EC2F16800E535B1 /* Controller */,
				04B5B7CF1EC2F16800E535B1 /* Model */,
				04B5B7D01EC2F16800E535B1 /* View */,
			);
			path = Message;
			sourceTree = "<group>";
		};
		04B5B7CE1EC2F16800E535B1 /* Controller */ = {
			isa = PBXGroup;
			children = (
				04B5B7E41EC2F51200E535B1 /* XFFMessageViewController.h */,
				04B5B7E51EC2F51200E535B1 /* XFFMessageViewController.m */,
			);
			path = Controller;
			sourceTree = "<group>";
		};
		04B5B7CF1EC2F16800E535B1 /* Model */ = {
			isa = PBXGroup;
			children = (
			);
			path = Model;
			sourceTree = "<group>";
		};
		04B5B7D01EC2F16800E535B1 /* View */ = {
			isa = PBXGroup;
			children = (
			);
			path = View;
			sourceTree = "<group>";
		};
		04B5B7D11EC2F16800E535B1 /* Profile */ = {
			isa = PBXGroup;
			children = (
				04B5B7D21EC2F16800E535B1 /* Controller */,
				04B5B7D31EC2F16800E535B1 /* Model */,
				04B5B7D41EC2F16800E535B1 /* View */,
			);
			path = Profile;
			sourceTree = "<group>";
		};
		04B5B7D21EC2F16800E535B1 /* Controller */ = {
			isa = PBXGroup;
			children = (
				04B5B7E71EC2F52300E535B1 /* XFFProfileViewController.h */,
				04B5B7E81EC2F52300E535B1 /* XFFProfileViewController.m */,
			);
			path = Controller;
			sourceTree = "<group>";
		};
		04B5B7D31EC2F16800E535B1 /* Model */ = {
			isa = PBXGroup;
			children = (
			);
			path = Model;
			sourceTree = "<group>";
		};
		04B5B7D41EC2F16800E535B1 /* View */ = {
			isa = PBXGroup;
			children = (
			);
			path = View;
			sourceTree = "<group>";
		};
		04B5B7D51EC2F16800E535B1 /* Test */ = {
			isa = PBXGroup;
			children = (
				04B5B7D61EC2F16800E535B1 /* Controller */,
				04B5B7D71EC2F16800E535B1 /* Model */,
				04B5B7D81EC2F16800E535B1 /* View */,
			);
			path = Test;
			sourceTree = "<group>";
		};
		04B5B7D61EC2F16800E535B1 /* Controller */ = {
			isa = PBXGroup;
			children = (
			);
			path = Controller;
			sourceTree = "<group>";
		};
		04B5B7D71EC2F16800E535B1 /* Model */ = {
			isa = PBXGroup;
			children = (
			);
			path = Model;
			sourceTree = "<group>";
		};
		04B5B7D81EC2F16800E535B1 /* View */ = {
			isa = PBXGroup;
			children = (
			);
			path = View;
			sourceTree = "<group>";
		};
		04B5B8001ECB0AB400E535B1 /* Oauth */ = {
			isa = PBXGroup;
			children = (
				04D6C6421ECC2283004F4045 /* Tool */,
				04B5B8011ECB0AB400E535B1 /* Controller */,
				04B5B8021ECB0AB400E535B1 /* Model */,
				04B5B8031ECB0AB400E535B1 /* View */,
			);
			path = Oauth;
			sourceTree = "<group>";
		};
		04B5B8011ECB0AB400E535B1 /* Controller */ = {
			isa = PBXGroup;
			children = (
				04B5B8041ECB0ADA00E535B1 /* XFFOauthController.h */,
				04B5B8051ECB0ADA00E535B1 /* XFFOauthController.m */,
			);
			path = Controller;
			sourceTree = "<group>";
		};
		04B5B8021ECB0AB400E535B1 /* Model */ = {
			isa = PBXGroup;
			children = (
				04D6C63F1ECC1C3A004F4045 /* XFFAccount.h */,
				04D6C6401ECC1C3A004F4045 /* XFFAccount.m */,
			);
			path = Model;
			sourceTree = "<group>";
		};
		04B5B8031ECB0AB400E535B1 /* View */ = {
			isa = PBXGroup;
			children = (
			);
			path = View;
			sourceTree = "<group>";
		};
		04D6C6421ECC2283004F4045 /* Tool */ = {
			isa = PBXGroup;
			children = (
				04D6C6431ECC2297004F4045 /* XFFAccountDao.h */,
				04D6C6441ECC2297004F4045 /* XFFAccountDao.m */,
			);
			path = Tool;
			sourceTree = "<group>";
		};
		858EB4204230BAC54420594E /* Frameworks */ = {
			isa = PBXGroup;
			children = (
				E5DC29E7E1004F441AD98D59 /* libPods-HotWeiBo.a */,
			);
			name = Frameworks;
			sourceTree = "<group>";
		};
/* End PBXGroup section */

/* Begin PBXNativeTarget section */
		0426141C1EC2D2E90031ACC7 /* HotWeiBo */ = {
			isa = PBXNativeTarget;
			buildConfigurationList = 0426144A1EC2D2EA0031ACC7 /* Build configuration list for PBXNativeTarget "HotWeiBo" */;
			buildPhases = (
				09F9EEE79A43A0C22DB792DF /* [CP] Check Pods Manifest.lock */,
				042614191EC2D2E90031ACC7 /* Sources */,
				0426141A1EC2D2E90031ACC7 /* Frameworks */,
				0426141B1EC2D2E90031ACC7 /* Resources */,
				C178F7C7B7E6DA73144FF38A /* [CP] Embed Pods Frameworks */,
				DF538381A57BEBE1B118900F /* [CP] Copy Pods Resources */,
			);
			buildRules = (
			);
			dependencies = (
			);
			name = HotWeiBo;
			productName = HotWeiBo;
			productReference = 0426141D1EC2D2E90031ACC7 /* HotWeiBo.app */;
			productType = "com.apple.product-type.application";
		};
		042614351EC2D2E90031ACC7 /* HotWeiBoTests */ = {
			isa = PBXNativeTarget;
			buildConfigurationList = 0426144D1EC2D2EA0031ACC7 /* Build configuration list for PBXNativeTarget "HotWeiBoTests" */;
			buildPhases = (
				042614321EC2D2E90031ACC7 /* Sources */,
				042614331EC2D2E90031ACC7 /* Frameworks */,
				042614341EC2D2E90031ACC7 /* Resources */,
			);
			buildRules = (
			);
			dependencies = (
				042614381EC2D2E90031ACC7 /* PBXTargetDependency */,
			);
			name = HotWeiBoTests;
			productName = HotWeiBoTests;
			productReference = 042614361EC2D2E90031ACC7 /* HotWeiBoTests.xctest */;
			productType = "com.apple.product-type.bundle.unit-test";
		};
		042614401EC2D2EA0031ACC7 /* HotWeiBoUITests */ = {
			isa = PBXNativeTarget;
			buildConfigurationList = 042614501EC2D2EA0031ACC7 /* Build configuration list for PBXNativeTarget "HotWeiBoUITests" */;
			buildPhases = (
				0426143D1EC2D2EA0031ACC7 /* Sources */,
				0426143E1EC2D2EA0031ACC7 /* Frameworks */,
				0426143F1EC2D2EA0031ACC7 /* Resources */,
			);
			buildRules = (
			);
			dependencies = (
				042614431EC2D2EA0031ACC7 /* PBXTargetDependency */,
			);
			name = HotWeiBoUITests;
			productName = HotWeiBoUITests;
			productReference = 042614411EC2D2EA0031ACC7 /* HotWeiBoUITests.xctest */;
			productType = "com.apple.product-type.bundle.ui-testing";
		};
/* End PBXNativeTarget section */

/* Begin PBXProject section */
		042614151EC2D2E80031ACC7 /* Project object */ = {
			isa = PBXProject;
			attributes = {
				CLASSPREFIX = XFF;
				LastUpgradeCheck = 0830;
				ORGANIZATIONNAME = XFF;
				TargetAttributes = {
					0426141C1EC2D2E90031ACC7 = {
						CreatedOnToolsVersion = 8.3.2;
						DevelopmentTeam = PKS97AHRJ7;
						ProvisioningStyle = Automatic;
					};
					042614351EC2D2E90031ACC7 = {
						CreatedOnToolsVersion = 8.3.2;
						DevelopmentTeam = PKS97AHRJ7;
						ProvisioningStyle = Automatic;
						TestTargetID = 0426141C1EC2D2E90031ACC7;
					};
					042614401EC2D2EA0031ACC7 = {
						CreatedOnToolsVersion = 8.3.2;
						DevelopmentTeam = PKS97AHRJ7;
						ProvisioningStyle = Automatic;
						TestTargetID = 0426141C1EC2D2E90031ACC7;
					};
				};
			};
			buildConfigurationList = 042614181EC2D2E90031ACC7 /* Build configuration list for PBXProject "HotWeiBo" */;
			compatibilityVersion = "Xcode 3.2";
			developmentRegion = English;
			hasScannedForEncodings = 0;
			knownRegions = (
				en,
				Base,
			);
			mainGroup = 042614141EC2D2E80031ACC7;
			productRefGroup = 0426141E1EC2D2E90031ACC7 /* Products */;
			projectDirPath = "";
			projectRoot = "";
			targets = (
				0426141C1EC2D2E90031ACC7 /* HotWeiBo */,
				042614351EC2D2E90031ACC7 /* HotWeiBoTests */,
				042614401EC2D2EA0031ACC7 /* HotWeiBoUITests */,
			);
		};
/* End PBXProject section */

/* Begin PBXResourcesBuildPhase section */
		0426141B1EC2D2E90031ACC7 /* Resources */ = {
			isa = PBXResourcesBuildPhase;
			buildActionMask = 2147483647;
			files = (
				0426142D1EC2D2E90031ACC7 /* Assets.xcassets in Resources */,
				04CC07441ECFDF0C00401AEC /* XFFLoadMoreFooter.xib in Resources */,
				04D3BA711ECC34FB002B961F /* MBProgressHUD.bundle in Resources */,
			);
			runOnlyForDeploymentPostprocessing = 0;
		};
		042614341EC2D2E90031ACC7 /* Resources */ = {
			isa = PBXResourcesBuildPhase;
			buildActionMask = 2147483647;
			files = (
			);
			runOnlyForDeploymentPostprocessing = 0;
		};
		0426143F1EC2D2EA0031ACC7 /* Resources */ = {
			isa = PBXResourcesBuildPhase;
			buildActionMask = 2147483647;
			files = (
			);
			runOnlyForDeploymentPostprocessing = 0;
		};
/* End PBXResourcesBuildPhase section */

/* Begin PBXShellScriptBuildPhase section */
		09F9EEE79A43A0C22DB792DF /* [CP] Check Pods Manifest.lock */ = {
			isa = PBXShellScriptBuildPhase;
			buildActionMask = 2147483647;
			files = (
			);
			inputPaths = (
			);
			name = "[CP] Check Pods Manifest.lock";
			outputPaths = (
			);
			runOnlyForDeploymentPostprocessing = 0;
			shellPath = /bin/sh;
			shellScript = "diff \"${PODS_PODFILE_DIR_PATH}/Podfile.lock\" \"${PODS_ROOT}/Manifest.lock\" > /dev/null\nif [ $? != 0 ] ; then\n    # print error to STDERR\n    echo \"error: The sandbox is not in sync with the Podfile.lock. Run 'pod install' or update your CocoaPods installation.\" >&2\n    exit 1\nfi\n";
			showEnvVarsInLog = 0;
		};
		C178F7C7B7E6DA73144FF38A /* [CP] Embed Pods Frameworks */ = {
			isa = PBXShellScriptBuildPhase;
			buildActionMask = 2147483647;
			files = (
			);
			inputPaths = (
			);
			name = "[CP] Embed Pods Frameworks";
			outputPaths = (
			);
			runOnlyForDeploymentPostprocessing = 0;
			shellPath = /bin/sh;
			shellScript = "\"${SRCROOT}/Pods/Target Support Files/Pods-HotWeiBo/Pods-HotWeiBo-frameworks.sh\"\n";
			showEnvVarsInLog = 0;
		};
		DF538381A57BEBE1B118900F /* [CP] Copy Pods Resources */ = {
			isa = PBXShellScriptBuildPhase;
			buildActionMask = 2147483647;
			files = (
			);
			inputPaths = (
			);
			name = "[CP] Copy Pods Resources";
			outputPaths = (
			);
			runOnlyForDeploymentPostprocessing = 0;
			shellPath = /bin/sh;
			shellScript = "\"${SRCROOT}/Pods/Target Support Files/Pods-HotWeiBo/Pods-HotWeiBo-resources.sh\"\n";
			showEnvVarsInLog = 0;
		};
/* End PBXShellScriptBuildPhase section */

/* Begin PBXSourcesBuildPhase section */
		042614191EC2D2E90031ACC7 /* Sources */ = {
			isa = PBXSourcesBuildPhase;
			buildActionMask = 2147483647;
			files = (
				04CC073F1ECDC13F00401AEC /* NSString+Date.m in Sources */,
				04D3BA7B1ECD8A8D002B961F /* XFFHomeStatusResult.m in Sources */,
				04B5B7F01EC3150D00E535B1 /* UIView+Extension.m in Sources */,
				04D3BA811ECDACF7002B961F /* NSDate+Extension.m in Sources */,
				04D3BA7E1ECD9163002B961F /* XFFPicUrl.m in Sources */,
				04B5B7E31EC2F4FA00E535B1 /* XFFDiscoverViewController.m in Sources */,
				04D3BA751ECC8DAC002B961F /* XFFStatus.m in Sources */,
				04B5B7E91EC2F52300E535B1 /* XFFProfileViewController.m in Sources */,
				04B5B7FC1ECADDDD00E535B1 /* XFFPopMenu.m in Sources */,
				04B5B7E61EC2F51200E535B1 /* XFFMessageViewController.m in Sources */,
				04B5B7F91EC349F100E535B1 /* XFFTitleButton.m in Sources */,
				04B5B8061ECB0ADA00E535B1 /* XFFOauthController.m in Sources */,
				04B5B7F61EC344BE00E535B1 /* UIBarButtonItem+Extension.m in Sources */,
				04D3BA721ECC34FB002B961F /* MBProgressHUD+MJ.m in Sources */,
				04B5B7DA1EC2F16900E535B1 /* main.m in Sources */,
				04B5B7DD1EC2F45C00E535B1 /* XFFTabBarController.m in Sources */,
				04D6C6411ECC1C3A004F4045 /* XFFAccount.m in Sources */,
				04B5B7E01EC2F4E200E535B1 /* XFFHomeViewController.m in Sources */,
				04B5B7ED1EC308EE00E535B1 /* XFFTabBar.m in Sources */,
				04B5B7D91EC2F16900E535B1 /* AppDelegate.m in Sources */,
				04CC07421ECFDEE400401AEC /* XFFLoadMoreFooter.m in Sources */,
				04B5B7FF1ECAF1E600E535B1 /* XFFPopMenuController.m in Sources */,
				04D6C6451ECC2297004F4045 /* XFFAccountDao.m in Sources */,
				04D3BA781ECC8DBA002B961F /* XFFUser.m in Sources */,
			);
			runOnlyForDeploymentPostprocessing = 0;
		};
		042614321EC2D2E90031ACC7 /* Sources */ = {
			isa = PBXSourcesBuildPhase;
			buildActionMask = 2147483647;
			files = (
				0426143B1EC2D2E90031ACC7 /* HotWeiBoTests.m in Sources */,
			);
			runOnlyForDeploymentPostprocessing = 0;
		};
		0426143D1EC2D2EA0031ACC7 /* Sources */ = {
			isa = PBXSourcesBuildPhase;
			buildActionMask = 2147483647;
			files = (
				042614461EC2D2EA0031ACC7 /* HotWeiBoUITests.m in Sources */,
			);
			runOnlyForDeploymentPostprocessing = 0;
		};
/* End PBXSourcesBuildPhase section */

/* Begin PBXTargetDependency section */
		042614381EC2D2E90031ACC7 /* PBXTargetDependency */ = {
			isa = PBXTargetDependency;
			target = 0426141C1EC2D2E90031ACC7 /* HotWeiBo */;
			targetProxy = 042614371EC2D2E90031ACC7 /* PBXContainerItemProxy */;
		};
		042614431EC2D2EA0031ACC7 /* PBXTargetDependency */ = {
			isa = PBXTargetDependency;
			target = 0426141C1EC2D2E90031ACC7 /* HotWeiBo */;
			targetProxy = 042614421EC2D2EA0031ACC7 /* PBXContainerItemProxy */;
		};
/* End PBXTargetDependency section */

/* Begin XCBuildConfiguration section */
		042614481EC2D2EA0031ACC7 /* Debug */ = {
			isa = XCBuildConfiguration;
			buildSettings = {
				ALWAYS_SEARCH_USER_PATHS = NO;
				CLANG_ANALYZER_NONNULL = YES;
				CLANG_ANALYZER_NUMBER_OBJECT_CONVERSION = YES_AGGRESSIVE;
				CLANG_CXX_LANGUAGE_STANDARD = "gnu++0x";
				CLANG_CXX_LIBRARY = "libc++";
				CLANG_ENABLE_MODULES = YES;
				CLANG_ENABLE_OBJC_ARC = YES;
				CLANG_WARN_BOOL_CONVERSION = YES;
				CLANG_WARN_CONSTANT_CONVERSION = YES;
				CLANG_WARN_DIRECT_OBJC_ISA_USAGE = YES_ERROR;
				CLANG_WARN_DOCUMENTATION_COMMENTS = YES;
				CLANG_WARN_EMPTY_BODY = YES;
				CLANG_WARN_ENUM_CONVERSION = YES;
				CLANG_WARN_INFINITE_RECURSION = YES;
				CLANG_WARN_INT_CONVERSION = YES;
				CLANG_WARN_OBJC_ROOT_CLASS = YES_ERROR;
				CLANG_WARN_SUSPICIOUS_MOVE = YES;
				CLANG_WARN_UNREACHABLE_CODE = YES;
				CLANG_WARN__DUPLICATE_METHOD_MATCH = YES;
				"CODE_SIGN_IDENTITY[sdk=iphoneos*]" = "iPhone Developer";
				COPY_PHASE_STRIP = NO;
				DEBUG_INFORMATION_FORMAT = dwarf;
				ENABLE_STRICT_OBJC_MSGSEND = YES;
				ENABLE_TESTABILITY = YES;
				GCC_C_LANGUAGE_STANDARD = gnu99;
				GCC_DYNAMIC_NO_PIC = NO;
				GCC_NO_COMMON_BLOCKS = YES;
				GCC_OPTIMIZATION_LEVEL = 0;
				GCC_PREPROCESSOR_DEFINITIONS = (
					"DEBUG=1",
					"$(inherited)",
				);
				GCC_WARN_64_TO_32_BIT_CONVERSION = YES;
				GCC_WARN_ABOUT_RETURN_TYPE = YES_ERROR;
				GCC_WARN_UNDECLARED_SELECTOR = YES;
				GCC_WARN_UNINITIALIZED_AUTOS = YES_AGGRESSIVE;
				GCC_WARN_UNUSED_FUNCTION = YES;
				GCC_WARN_UNUSED_VARIABLE = YES;
				IPHONEOS_DEPLOYMENT_TARGET = 10.3;
				MTL_ENABLE_DEBUG_INFO = YES;
				ONLY_ACTIVE_ARCH = YES;
				SDKROOT = iphoneos;
			};
			name = Debug;
		};
		042614491EC2D2EA0031ACC7 /* Release */ = {
			isa = XCBuildConfiguration;
			buildSettings = {
				ALWAYS_SEARCH_USER_PATHS = NO;
				CLANG_ANALYZER_NONNULL = YES;
				CLANG_ANALYZER_NUMBER_OBJECT_CONVERSION = YES_AGGRESSIVE;
				CLANG_CXX_LANGUAGE_STANDARD = "gnu++0x";
				CLANG_CXX_LIBRARY = "libc++";
				CLANG_ENABLE_MODULES = YES;
				CLANG_ENABLE_OBJC_ARC = YES;
				CLANG_WARN_BOOL_CONVERSION = YES;
				CLANG_WARN_CONSTANT_CONVERSION = YES;
				CLANG_WARN_DIRECT_OBJC_ISA_USAGE = YES_ERROR;
				CLANG_WARN_DOCUMENTATION_COMMENTS = YES;
				CLANG_WARN_EMPTY_BODY = YES;
				CLANG_WARN_ENUM_CONVERSION = YES;
				CLANG_WARN_INFINITE_RECURSION = YES;
				CLANG_WARN_INT_CONVERSION = YES;
				CLANG_WARN_OBJC_ROOT_CLASS = YES_ERROR;
				CLANG_WARN_SUSPICIOUS_MOVE = YES;
				CLANG_WARN_UNREACHABLE_CODE = YES;
				CLANG_WARN__DUPLICATE_METHOD_MATCH = YES;
				"CODE_SIGN_IDENTITY[sdk=iphoneos*]" = "iPhone Developer";
				COPY_PHASE_STRIP = NO;
				DEBUG_INFORMATION_FORMAT = "dwarf-with-dsym";
				ENABLE_NS_ASSERTIONS = NO;
				ENABLE_STRICT_OBJC_MSGSEND = YES;
				GCC_C_LANGUAGE_STANDARD = gnu99;
				GCC_NO_COMMON_BLOCKS = YES;
				GCC_WARN_64_TO_32_BIT_CONVERSION = YES;
				GCC_WARN_ABOUT_RETURN_TYPE = YES_ERROR;
				GCC_WARN_UNDECLARED_SELECTOR = YES;
				GCC_WARN_UNINITIALIZED_AUTOS = YES_AGGRESSIVE;
				GCC_WARN_UNUSED_FUNCTION = YES;
				GCC_WARN_UNUSED_VARIABLE = YES;
				IPHONEOS_DEPLOYMENT_TARGET = 10.3;
				MTL_ENABLE_DEBUG_INFO = NO;
				SDKROOT = iphoneos;
				VALIDATE_PRODUCT = YES;
			};
			name = Release;
		};
		0426144B1EC2D2EA0031ACC7 /* Debug */ = {
			isa = XCBuildConfiguration;
			baseConfigurationReference = 1313267BB48A1F24DF5A2F9F /* Pods-HotWeiBo.debug.xcconfig */;
			buildSettings = {
				ASSETCATALOG_COMPILER_APPICON_NAME = AppIcon;
				ASSETCATALOG_COMPILER_LAUNCHIMAGE_NAME = LaunchImage;
				DEVELOPMENT_TEAM = PKS97AHRJ7;
				GCC_PREFIX_HEADER = HotWeiBo/Classes/Main/Other/HotWeiBo.pch;
				INFOPLIST_FILE = HotWeiBo/Info.plist;
				IPHONEOS_DEPLOYMENT_TARGET = 8.0;
				LD_RUNPATH_SEARCH_PATHS = "$(inherited) @executable_path/Frameworks";
				PRODUCT_BUNDLE_IDENTIFIER = leleguodong.com.www.HotWeiBo;
				PRODUCT_NAME = "$(TARGET_NAME)";
			};
			name = Debug;
		};
		0426144C1EC2D2EA0031ACC7 /* Release */ = {
			isa = XCBuildConfiguration;
			baseConfigurationReference = 9DCE9D2A1FF9D36AA53C8CFA /* Pods-HotWeiBo.release.xcconfig */;
			buildSettings = {
				ASSETCATALOG_COMPILER_APPICON_NAME = AppIcon;
				ASSETCATALOG_COMPILER_LAUNCHIMAGE_NAME = LaunchImage;
				DEVELOPMENT_TEAM = PKS97AHRJ7;
				GCC_PREFIX_HEADER = HotWeiBo/Classes/Main/Other/HotWeiBo.pch;
				INFOPLIST_FILE = HotWeiBo/Info.plist;
				IPHONEOS_DEPLOYMENT_TARGET = 8.0;
				LD_RUNPATH_SEARCH_PATHS = "$(inherited) @executable_path/Frameworks";
				PRODUCT_BUNDLE_IDENTIFIER = leleguodong.com.www.HotWeiBo;
				PRODUCT_NAME = "$(TARGET_NAME)";
			};
			name = Release;
		};
		0426144E1EC2D2EA0031ACC7 /* Debug */ = {
			isa = XCBuildConfiguration;
			buildSettings = {
				BUNDLE_LOADER = "$(TEST_HOST)";
				DEVELOPMENT_TEAM = PKS97AHRJ7;
				INFOPLIST_FILE = HotWeiBoTests/Info.plist;
				LD_RUNPATH_SEARCH_PATHS = "$(inherited) @executable_path/Frameworks @loader_path/Frameworks";
				PRODUCT_BUNDLE_IDENTIFIER = leleguodong.com.www.HotWeiBoTests;
				PRODUCT_NAME = "$(TARGET_NAME)";
				TEST_HOST = "$(BUILT_PRODUCTS_DIR)/HotWeiBo.app/HotWeiBo";
			};
			name = Debug;
		};
		0426144F1EC2D2EA0031ACC7 /* Release */ = {
			isa = XCBuildConfiguration;
			buildSettings = {
				BUNDLE_LOADER = "$(TEST_HOST)";
				DEVELOPMENT_TEAM = PKS97AHRJ7;
				INFOPLIST_FILE = HotWeiBoTests/Info.plist;
				LD_RUNPATH_SEARCH_PATHS = "$(inherited) @executable_path/Frameworks @loader_path/Frameworks";
				PRODUCT_BUNDLE_IDENTIFIER = leleguodong.com.www.HotWeiBoTests;
				PRODUCT_NAME = "$(TARGET_NAME)";
				TEST_HOST = "$(BUILT_PRODUCTS_DIR)/HotWeiBo.app/HotWeiBo";
			};
			name = Release;
		};
		042614511EC2D2EA0031ACC7 /* Debug */ = {
			isa = XCBuildConfiguration;
			buildSettings = {
				DEVELOPMENT_TEAM = PKS97AHRJ7;
				INFOPLIST_FILE = HotWeiBoUITests/Info.plist;
				LD_RUNPATH_SEARCH_PATHS = "$(inherited) @executable_path/Frameworks @loader_path/Frameworks";
				PRODUCT_BUNDLE_IDENTIFIER = leleguodong.com.www.HotWeiBoUITests;
				PRODUCT_NAME = "$(TARGET_NAME)";
				TEST_TARGET_NAME = HotWeiBo;
			};
			name = Debug;
		};
		042614521EC2D2EA0031ACC7 /* Release */ = {
			isa = XCBuildConfiguration;
			buildSettings = {
				DEVELOPMENT_TEAM = PKS97AHRJ7;
				INFOPLIST_FILE = HotWeiBoUITests/Info.plist;
				LD_RUNPATH_SEARCH_PATHS = "$(inherited) @executable_path/Frameworks @loader_path/Frameworks";
				PRODUCT_BUNDLE_IDENTIFIER = leleguodong.com.www.HotWeiBoUITests;
				PRODUCT_NAME = "$(TARGET_NAME)";
				TEST_TARGET_NAME = HotWeiBo;
			};
			name = Release;
		};
/* End XCBuildConfiguration section */

/* Begin XCConfigurationList section */
		042614181EC2D2E90031ACC7 /* Build configuration list for PBXProject "HotWeiBo" */ = {
			isa = XCConfigurationList;
			buildConfigurations = (
				042614481EC2D2EA0031ACC7 /* Debug */,
				042614491EC2D2EA0031ACC7 /* Release */,
			);
			defaultConfigurationIsVisible = 0;
			defaultConfigurationName = Release;
		};
		0426144A1EC2D2EA0031ACC7 /* Build configuration list for PBXNativeTarget "HotWeiBo" */ = {
			isa = XCConfigurationList;
			buildConfigurations = (
				0426144B1EC2D2EA0031ACC7 /* Debug */,
				0426144C1EC2D2EA0031ACC7 /* Release */,
			);
			defaultConfigurationIsVisible = 0;
			defaultConfigurationName = Release;
		};
		0426144D1EC2D2EA0031ACC7 /* Build configuration list for PBXNativeTarget "HotWeiBoTests" */ = {
			isa = XCConfigurationList;
			buildConfigurations = (
				0426144E1EC2D2EA0031ACC7 /* Debug */,
				0426144F1EC2D2EA0031ACC7 /* Release */,
			);
			defaultConfigurationIsVisible = 0;
			defaultConfigurationName = Release;
		};
		042614501EC2D2EA0031ACC7 /* Build configuration list for PBXNativeTarget "HotWeiBoUITests" */ = {
			isa = XCConfigurationList;
			buildConfigurations = (
				042614511EC2D2EA0031ACC7 /* Debug */,
				042614521EC2D2EA0031ACC7 /* Release */,
			);
			defaultConfigurationIsVisible = 0;
			defaultConfigurationName = Release;
		};
/* End XCConfigurationList section */
	};
	rootObject = 042614151EC2D2E80031ACC7 /* Project object */;
}
