// !$*UTF8*$!
{
	archiveVersion = 1;
	classes = {
	};
	objectVersion = 46;
	objects = {

/* Begin PBXBuildFile section */
		0425DB6B1EE50CFA006762BC /* MBProgressHUD.bundle in Resources */ = {isa = PBXBuildFile; fileRef = 0425DB6A1EE50CFA006762BC /* MBProgressHUD.bundle */; };
		0425DB6F1EE52AE5006762BC /* XFFNetworking.m in Sources */ = {isa = PBXBuildFile; fileRef = 0425DB6E1EE52AE5006762BC /* XFFNetworking.m */; };
		0425DB771EE6673B006762BC /* XFFNewfeatureViewController.m in Sources */ = {isa = PBXBuildFile; fileRef = 0425DB751EE6673B006762BC /* XFFNewfeatureViewController.m */; };
		0425DB781EE6673B006762BC /* XFFNewfeatureViewController.xib in Resources */ = {isa = PBXBuildFile; fileRef = 0425DB761EE6673B006762BC /* XFFNewfeatureViewController.xib */; };
		0425DB7C1EE667F2006762BC /* XFFWelcomeViewController.m in Sources */ = {isa = PBXBuildFile; fileRef = 0425DB7A1EE667F2006762BC /* XFFWelcomeViewController.m */; };
		0425DB7D1EE667F2006762BC /* XFFWelcomeViewController.xib in Resources */ = {isa = PBXBuildFile; fileRef = 0425DB7B1EE667F2006762BC /* XFFWelcomeViewController.xib */; };
		0425DB801EE66812006762BC /* UIWindow+Extension.m in Sources */ = {isa = PBXBuildFile; fileRef = 0425DB7F1EE66812006762BC /* UIWindow+Extension.m */; };
		0425DB861EE6937E006762BC /* XFFTableViewCell.m in Sources */ = {isa = PBXBuildFile; fileRef = 0425DB851EE6937E006762BC /* XFFTableViewCell.m */; };
		0425DB891EE6939D006762BC /* XFFTopView.m in Sources */ = {isa = PBXBuildFile; fileRef = 0425DB881EE6939D006762BC /* XFFTopView.m */; };
		0425DB8C1EE693AF006762BC /* XFFBottomView.m in Sources */ = {isa = PBXBuildFile; fileRef = 0425DB8B1EE693AF006762BC /* XFFBottomView.m */; };
		0425DB8F1EE693CC006762BC /* XFFOriginalView.m in Sources */ = {isa = PBXBuildFile; fileRef = 0425DB8E1EE693CC006762BC /* XFFOriginalView.m */; };
		0425DB921EE693E6006762BC /* XFFRetweetView.m in Sources */ = {isa = PBXBuildFile; fileRef = 0425DB911EE693E6006762BC /* XFFRetweetView.m */; };
		0425DB951EE69402006762BC /* XFFStatusFrame.m in Sources */ = {isa = PBXBuildFile; fileRef = 0425DB941EE69402006762BC /* XFFStatusFrame.m */; };
		0425DB981EE6ACE3006762BC /* UIImage+XFF.m in Sources */ = {isa = PBXBuildFile; fileRef = 0425DB971EE6ACE3006762BC /* UIImage+XFF.m */; };
		0425DB9B1EE6C105006762BC /* XFFPicturesView.m in Sources */ = {isa = PBXBuildFile; fileRef = 0425DB9A1EE6C105006762BC /* XFFPicturesView.m */; };
		0425DBA11EE6C6E7006762BC /* XFFImageView.m in Sources */ = {isa = PBXBuildFile; fileRef = 0425DBA01EE6C6E7006762BC /* XFFImageView.m */; };
		0426142D1EC2D2E90031ACC7 /* Assets.xcassets in Resources */ = {isa = PBXBuildFile; fileRef = 0426142C1EC2D2E90031ACC7 /* Assets.xcassets */; };
		0426143B1EC2D2E90031ACC7 /* HotWeiBoTests.m in Sources */ = {isa = PBXBuildFile; fileRef = 0426143A1EC2D2E90031ACC7 /* HotWeiBoTests.m */; };
		042614461EC2D2EA0031ACC7 /* HotWeiBoUITests.m in Sources */ = {isa = PBXBuildFile; fileRef = 042614451EC2D2EA0031ACC7 /* HotWeiBoUITests.m */; };
		0436264A1EEE5EB10004B8EA /* XFFPhotoBrower.m in Sources */ = {isa = PBXBuildFile; fileRef = 043626491EEE5EB10004B8EA /* XFFPhotoBrower.m */; };
		043626501EEF95970004B8EA /* UIView+ViewController.m in Sources */ = {isa = PBXBuildFile; fileRef = 0436264F1EEF95970004B8EA /* UIView+ViewController.m */; };
		043626591EF179A40004B8EA /* XFFTextPart.m in Sources */ = {isa = PBXBuildFile; fileRef = 043626581EF179A40004B8EA /* XFFTextPart.m */; };
		0436265C1EF20D7B0004B8EA /* XFFStatusTextView.m in Sources */ = {isa = PBXBuildFile; fileRef = 0436265B1EF20D7B0004B8EA /* XFFStatusTextView.m */; };
		0436265F1EF22E390004B8EA /* XFFTextPartDao.m in Sources */ = {isa = PBXBuildFile; fileRef = 0436265E1EF22E390004B8EA /* XFFTextPartDao.m */; };
		047665511EDFA19700BCCEE6 /* XFFBarHUD.m in Sources */ = {isa = PBXBuildFile; fileRef = 047665501EDFA19700BCCEE6 /* XFFBarHUD.m */; };
		047665541EDFA40300BCCEE6 /* XFFBarHUDButton.m in Sources */ = {isa = PBXBuildFile; fileRef = 047665531EDFA40300BCCEE6 /* XFFBarHUDButton.m */; };
		047665581EDFAE5000BCCEE6 /* XFFBarHUD.bundle in Resources */ = {isa = PBXBuildFile; fileRef = 047665571EDFAE5000BCCEE6 /* XFFBarHUD.bundle */; };
		0476655E1EDFD0C700BCCEE6 /* XFFNavHUD.m in Sources */ = {isa = PBXBuildFile; fileRef = 0476655D1EDFD0C700BCCEE6 /* XFFNavHUD.m */; };
		047665641EDFD32000BCCEE6 /* XFFEmotion.m in Sources */ = {isa = PBXBuildFile; fileRef = 047665631EDFD32000BCCEE6 /* XFFEmotion.m */; };
		047665681EDFD40100BCCEE6 /* XFFEmotionDao.m in Sources */ = {isa = PBXBuildFile; fileRef = 047665671EDFD40100BCCEE6 /* XFFEmotionDao.m */; };
		0476656B1EDFD60A00BCCEE6 /* XFFEmotionContentView.m in Sources */ = {isa = PBXBuildFile; fileRef = 0476656A1EDFD60A00BCCEE6 /* XFFEmotionContentView.m */; };
		0476656E1EE02A1400BCCEE6 /* XFFEmotionKeyboard.m in Sources */ = {isa = PBXBuildFile; fileRef = 0476656D1EE02A1400BCCEE6 /* XFFEmotionKeyboard.m */; };
		04B5B7D91EC2F16900E535B1 /* AppDelegate.m in Sources */ = {isa = PBXBuildFile; fileRef = 04B5B7CA1EC2F16800E535B1 /* AppDelegate.m */; };
		04B5B7DA1EC2F16900E535B1 /* main.m in Sources */ = {isa = PBXBuildFile; fileRef = 04B5B7CB1EC2F16800E535B1 /* main.m */; };
		04B5B7DD1EC2F45C00E535B1 /* XFFTabBarController.m in Sources */ = {isa = PBXBuildFile; fileRef = 04B5B7DC1EC2F45C00E535B1 /* XFFTabBarController.m */; };
		04B5B7E01EC2F4E200E535B1 /* XFFHomeViewController.m in Sources */ = {isa = PBXBuildFile; fileRef = 04B5B7DF1EC2F4E200E535B1 /* XFFHomeViewController.m */; };
		04B5B7E31EC2F4FA00E535B1 /* XFFDiscoverViewController.m in Sources */ = {isa = PBXBuildFile; fileRef = 04B5B7E21EC2F4FA00E535B1 /* XFFDiscoverViewController.m */; };
		04B5B7E61EC2F51200E535B1 /* XFFMessageViewController.m in Sources */ = {isa = PBXBuildFile; fileRef = 04B5B7E51EC2F51200E535B1 /* XFFMessageViewController.m */; };
		04B5B7E91EC2F52300E535B1 /* XFFProfileViewController.m in Sources */ = {isa = PBXBuildFile; fileRef = 04B5B7E81EC2F52300E535B1 /* XFFProfileViewController.m */; };
		04B5B7ED1EC308EE00E535B1 /* XFFTabBar.m in Sources */ = {isa = PBXBuildFile; fileRef = 04B5B7EC1EC308EE00E535B1 /* XFFTabBar.m */; };
		04B5B7F01EC3150D00E535B1 /* UIView+Extension.m in Sources */ = {isa = PBXBuildFile; fileRef = 04B5B7EF1EC3150D00E535B1 /* UIView+Extension.m */; };
		04B5B7F61EC344BE00E535B1 /* UIBarButtonItem+Extension.m in Sources */ = {isa = PBXBuildFile; fileRef = 04B5B7F51EC344BE00E535B1 /* UIBarButtonItem+Extension.m */; };
		04B5B7F91EC349F100E535B1 /* XFFTitleButton.m in Sources */ = {isa = PBXBuildFile; fileRef = 04B5B7F81EC349F100E535B1 /* XFFTitleButton.m */; };
		04B5B7FC1ECADDDD00E535B1 /* XFFPopMenu.m in Sources */ = {isa = PBXBuildFile; fileRef = 04B5B7FB1ECADDDD00E535B1 /* XFFPopMenu.m */; };
		04B5B7FF1ECAF1E600E535B1 /* XFFPopMenuController.m in Sources */ = {isa = PBXBuildFile; fileRef = 04B5B7FE1ECAF1E600E535B1 /* XFFPopMenuController.m */; };
		04B5B8061ECB0ADA00E535B1 /* XFFOauthController.m in Sources */ = {isa = PBXBuildFile; fileRef = 04B5B8051ECB0ADA00E535B1 /* XFFOauthController.m */; };
		04C0816B1EE141A300B8DA75 /* default in Resources */ = {isa = PBXBuildFile; fileRef = 04C081691EE141A300B8DA75 /* default */; };
		04C0816C1EE141A300B8DA75 /* lxh in Resources */ = {isa = PBXBuildFile; fileRef = 04C0816A1EE141A300B8DA75 /* lxh */; };
		04C0816E1EE1546300B8DA75 /* XFFConst.m in Sources */ = {isa = PBXBuildFile; fileRef = 04C0816D1EE1546300B8DA75 /* XFFConst.m */; };
		04C081721EE16CD000B8DA75 /* XFFEmotionButton.m in Sources */ = {isa = PBXBuildFile; fileRef = 04C081711EE16CD000B8DA75 /* XFFEmotionButton.m */; };
		04C081751EE3929D00B8DA75 /* XFFEmotionTextArea.m in Sources */ = {isa = PBXBuildFile; fileRef = 04C081741EE3929D00B8DA75 /* XFFEmotionTextArea.m */; };
		04C081781EE392F200B8DA75 /* XFFEmotionAttachment.m in Sources */ = {isa = PBXBuildFile; fileRef = 04C081771EE392F200B8DA75 /* XFFEmotionAttachment.m */; };
		04C0817B1EE399C500B8DA75 /* XFFEmotionPopView.m in Sources */ = {isa = PBXBuildFile; fileRef = 04C0817A1EE399C500B8DA75 /* XFFEmotionPopView.m */; };
		04C0817D1EE399D100B8DA75 /* XFFEmotionPopView.xib in Resources */ = {isa = PBXBuildFile; fileRef = 04C0817C1EE399D100B8DA75 /* XFFEmotionPopView.xib */; };
		04C081801EE3B50900B8DA75 /* XFFComposeToolBar.m in Sources */ = {isa = PBXBuildFile; fileRef = 04C0817F1EE3B50900B8DA75 /* XFFComposeToolBar.m */; };
		04C081851EE3BEDD00B8DA75 /* MBProgressHUD+MJ.m in Sources */ = {isa = PBXBuildFile; fileRef = 04C081831EE3BEDD00B8DA75 /* MBProgressHUD+MJ.m */; };
		04C0819A1EE3BEE900B8DA75 /* QBAssetCollectionViewController.m in Sources */ = {isa = PBXBuildFile; fileRef = 04C081891EE3BEE900B8DA75 /* QBAssetCollectionViewController.m */; };
		04C0819B1EE3BEE900B8DA75 /* QBImagePickerAssetCell.m in Sources */ = {isa = PBXBuildFile; fileRef = 04C0818C1EE3BEE900B8DA75 /* QBImagePickerAssetCell.m */; };
		04C0819C1EE3BEE900B8DA75 /* QBImagePickerAssetView.m in Sources */ = {isa = PBXBuildFile; fileRef = 04C0818F1EE3BEE900B8DA75 /* QBImagePickerAssetView.m */; };
		04C0819D1EE3BEE900B8DA75 /* QBImagePickerController.bundle in Resources */ = {isa = PBXBuildFile; fileRef = 04C081911EE3BEE900B8DA75 /* QBImagePickerController.bundle */; };
		04C0819E1EE3BEE900B8DA75 /* QBImagePickerController.m in Sources */ = {isa = PBXBuildFile; fileRef = 04C081931EE3BEE900B8DA75 /* QBImagePickerController.m */; };
		04C0819F1EE3BEE900B8DA75 /* QBImagePickerFooterView.m in Sources */ = {isa = PBXBuildFile; fileRef = 04C081951EE3BEE900B8DA75 /* QBImagePickerFooterView.m */; };
		04C081A01EE3BEE900B8DA75 /* QBImagePickerGroupCell.m in Sources */ = {isa = PBXBuildFile; fileRef = 04C081971EE3BEE900B8DA75 /* QBImagePickerGroupCell.m */; };
		04C081A11EE3BEE900B8DA75 /* QBImagePickerVideoInfoView.m in Sources */ = {isa = PBXBuildFile; fileRef = 04C081991EE3BEE900B8DA75 /* QBImagePickerVideoInfoView.m */; };
		04C081A41EE3C10900B8DA75 /* XFFComposePhotosView.m in Sources */ = {isa = PBXBuildFile; fileRef = 04C081A31EE3C10900B8DA75 /* XFFComposePhotosView.m */; };
		04CC073F1ECDC13F00401AEC /* NSString+Date.m in Sources */ = {isa = PBXBuildFile; fileRef = 04CC073E1ECDC13F00401AEC /* NSString+Date.m */; };
		04CC07421ECFDEE400401AEC /* XFFLoadMoreFooter.m in Sources */ = {isa = PBXBuildFile; fileRef = 04CC07411ECFDEE400401AEC /* XFFLoadMoreFooter.m */; };
		04CC07441ECFDF0C00401AEC /* XFFLoadMoreFooter.xib in Resources */ = {isa = PBXBuildFile; fileRef = 04CC07431ECFDF0C00401AEC /* XFFLoadMoreFooter.xib */; };
		04CC074B1EDE802900401AEC /* XFFComposeViewController.m in Sources */ = {isa = PBXBuildFile; fileRef = 04CC074A1EDE802900401AEC /* XFFComposeViewController.m */; };
		04CC074E1EDEB6CB00401AEC /* XFFTextArea.m in Sources */ = {isa = PBXBuildFile; fileRef = 04CC074D1EDEB6CB00401AEC /* XFFTextArea.m */; };
		04D3BA751ECC8DAC002B961F /* XFFStatus.m in Sources */ = {isa = PBXBuildFile; fileRef = 04D3BA741ECC8DAC002B961F /* XFFStatus.m */; };
		04D3BA781ECC8DBA002B961F /* XFFUser.m in Sources */ = {isa = PBXBuildFile; fileRef = 04D3BA771ECC8DBA002B961F /* XFFUser.m */; };
		04D3BA7B1ECD8A8D002B961F /* XFFHomeStatusResult.m in Sources */ = {isa = PBXBuildFile; fileRef = 04D3BA7A1ECD8A8D002B961F /* XFFHomeStatusResult.m */; };
		04D3BA7E1ECD9163002B961F /* XFFPicUrl.m in Sources */ = {isa = PBXBuildFile; fileRef = 04D3BA7D1ECD9162002B961F /* XFFPicUrl.m */; };
		04D3BA811ECDACF7002B961F /* NSDate+Extension.m in Sources */ = {isa = PBXBuildFile; fileRef = 04D3BA801ECDACF7002B961F /* NSDate+Extension.m */; };
		04D6C6411ECC1C3A004F4045 /* XFFAccount.m in Sources */ = {isa = PBXBuildFile; fileRef = 04D6C6401ECC1C3A004F4045 /* XFFAccount.m */; };
		04D6C6451ECC2297004F4045 /* XFFAccountDao.m in Sources */ = {isa = PBXBuildFile; fileRef = 04D6C6441ECC2297004F4045 /* XFFAccountDao.m */; };
		B3996E1871232961BF88B5EA /* libPods-HotWeiBo.a in Frameworks */ = {isa = PBXBuildFile; fileRef = E5DC29E7E1004F441AD98D59 /* libPods-HotWeiBo.a */; };
/* End PBXBuildFile section */

/* Begin PBXContainerItemProxy section */
		042614371EC2D2E90031ACC7 /* PBXContainerItemProxy */ = {
			isa = PBXContainerItemProxy;
			containerPortal = 042614151EC2D2E80031ACC7 /* Project object */;
			proxyType = 1;
			remoteGlobalIDString = 0426141C1EC2D2E90031ACC7;
			remoteInfo = HotWeiBo;
		};
		042614421EC2D2EA0031ACC7 /* PBXContainerItemProxy */ = {
			isa = PBXContainerItemProxy;
			containerPortal = 042614151EC2D2E80031ACC7 /* Project object */;
			proxyType = 1;
			remoteGlobalIDString = 0426141C1EC2D2E90031ACC7;
			remoteInfo = HotWeiBo;
		};
/* End PBXContainerItemProxy section */

/* Begin PBXFileReference section */
		0425DB6A1EE50CFA006762BC /* MBProgressHUD.bundle */ = {isa = PBXFileReference; lastKnownFileType = "wrapper.plug-in"; path = MBProgressHUD.bundle; sourceTree = "<group>"; };
		0425DB6D1EE52AE5006762BC /* XFFNetworking.h */ = {isa = PBXFileReference; fileEncoding = 4; lastKnownFileType = sourcecode.c.h; path = XFFNetworking.h; sourceTree = "<group>"; };
		0425DB6E1EE52AE5006762BC /* XFFNetworking.m */ = {isa = PBXFileReference; fileEncoding = 4; lastKnownFileType = sourcecode.c.objc; path = XFFNetworking.m; sourceTree = "<group>"; };
		0425DB741EE6673B006762BC /* XFFNewfeatureViewController.h */ = {isa = PBXFileReference; fileEncoding = 4; lastKnownFileType = sourcecode.c.h; path = XFFNewfeatureViewController.h; sourceTree = "<group>"; };
		0425DB751EE6673B006762BC /* XFFNewfeatureViewController.m */ = {isa = PBXFileReference; fileEncoding = 4; lastKnownFileType = sourcecode.c.objc; path = XFFNewfeatureViewController.m; sourceTree = "<group>"; };
		0425DB761EE6673B006762BC /* XFFNewfeatureViewController.xib */ = {isa = PBXFileReference; fileEncoding = 4; lastKnownFileType = file.xib; path = XFFNewfeatureViewController.xib; sourceTree = "<group>"; };
		0425DB791EE667F2006762BC /* XFFWelcomeViewController.h */ = {isa = PBXFileReference; fileEncoding = 4; lastKnownFileType = sourcecode.c.h; path = XFFWelcomeViewController.h; sourceTree = "<group>"; };
		0425DB7A1EE667F2006762BC /* XFFWelcomeViewController.m */ = {isa = PBXFileReference; fileEncoding = 4; lastKnownFileType = sourcecode.c.objc; path = XFFWelcomeViewController.m; sourceTree = "<group>"; };
		0425DB7B1EE667F2006762BC /* XFFWelcomeViewController.xib */ = {isa = PBXFileReference; fileEncoding = 4; lastKnownFileType = file.xib; path = XFFWelcomeViewController.xib; sourceTree = "<group>"; };
		0425DB7E1EE66812006762BC /* UIWindow+Extension.h */ = {isa = PBXFileReference; fileEncoding = 4; lastKnownFileType = sourcecode.c.h; path = "UIWindow+Extension.h"; sourceTree = "<group>"; };
		0425DB7F1EE66812006762BC /* UIWindow+Extension.m */ = {isa = PBXFileReference; fileEncoding = 4; lastKnownFileType = sourcecode.c.objc; path = "UIWindow+Extension.m"; sourceTree = "<group>"; };
		0425DB841EE6937E006762BC /* XFFTableViewCell.h */ = {isa = PBXFileReference; fileEncoding = 4; lastKnownFileType = sourcecode.c.h; path = XFFTableViewCell.h; sourceTree = "<group>"; };
		0425DB851EE6937E006762BC /* XFFTableViewCell.m */ = {isa = PBXFileReference; fileEncoding = 4; lastKnownFileType = sourcecode.c.objc; path = XFFTableViewCell.m; sourceTree = "<group>"; };
		0425DB871EE6939D006762BC /* XFFTopView.h */ = {isa = PBXFileReference; fileEncoding = 4; lastKnownFileType = sourcecode.c.h; path = XFFTopView.h; sourceTree = "<group>"; };
		0425DB881EE6939D006762BC /* XFFTopView.m */ = {isa = PBXFileReference; fileEncoding = 4; lastKnownFileType = sourcecode.c.objc; path = XFFTopView.m; sourceTree = "<group>"; };
		0425DB8A1EE693AF006762BC /* XFFBottomView.h */ = {isa = PBXFileReference; fileEncoding = 4; lastKnownFileType = sourcecode.c.h; path = XFFBottomView.h; sourceTree = "<group>"; };
		0425DB8B1EE693AF006762BC /* XFFBottomView.m */ = {isa = PBXFileReference; fileEncoding = 4; lastKnownFileType = sourcecode.c.objc; path = XFFBottomView.m; sourceTree = "<group>"; };
		0425DB8D1EE693CC006762BC /* XFFOriginalView.h */ = {isa = PBXFileReference; fileEncoding = 4; lastKnownFileType = sourcecode.c.h; path = XFFOriginalView.h; sourceTree = "<group>"; };
		0425DB8E1EE693CC006762BC /* XFFOriginalView.m */ = {isa = PBXFileReference; fileEncoding = 4; lastKnownFileType = sourcecode.c.objc; path = XFFOriginalView.m; sourceTree = "<group>"; };
		0425DB901EE693E6006762BC /* XFFRetweetView.h */ = {isa = PBXFileReference; fileEncoding = 4; lastKnownFileType = sourcecode.c.h; path = XFFRetweetView.h; sourceTree = "<group>"; };
		0425DB911EE693E6006762BC /* XFFRetweetView.m */ = {isa = PBXFileReference; fileEncoding = 4; lastKnownFileType = sourcecode.c.objc; path = XFFRetweetView.m; sourceTree = "<group>"; };
		0425DB931EE69402006762BC /* XFFStatusFrame.h */ = {isa = PBXFileReference; fileEncoding = 4; lastKnownFileType = sourcecode.c.h; path = XFFStatusFrame.h; sourceTree = "<group>"; };
		0425DB941EE69402006762BC /* XFFStatusFrame.m */ = {isa = PBXFileReference; fileEncoding = 4; lastKnownFileType = sourcecode.c.objc; path = XFFStatusFrame.m; sourceTree = "<group>"; };
		0425DB961EE6ACE3006762BC /* UIImage+XFF.h */ = {isa = PBXFileReference; fileEncoding = 4; lastKnownFileType = sourcecode.c.h; path = "UIImage+XFF.h"; sourceTree = "<group>"; };
		0425DB971EE6ACE3006762BC /* UIImage+XFF.m */ = {isa = PBXFileReference; fileEncoding = 4; lastKnownFileType = sourcecode.c.objc; path = "UIImage+XFF.m"; sourceTree = "<group>"; };
		0425DB991EE6C105006762BC /* XFFPicturesView.h */ = {isa = PBXFileReference; fileEncoding = 4; lastKnownFileType = sourcecode.c.h; path = XFFPicturesView.h; sourceTree = "<group>"; };
		0425DB9A1EE6C105006762BC /* XFFPicturesView.m */ = {isa = PBXFileReference; fileEncoding = 4; lastKnownFileType = sourcecode.c.objc; path = XFFPicturesView.m; sourceTree = "<group>"; };
		0425DB9F1EE6C6E7006762BC /* XFFImageView.h */ = {isa = PBXFileReference; fileEncoding = 4; lastKnownFileType = sourcecode.c.h; path = XFFImageView.h; sourceTree = "<group>"; };
		0425DBA01EE6C6E7006762BC /* XFFImageView.m */ = {isa = PBXFileReference; fileEncoding = 4; lastKnownFileType = sourcecode.c.objc; path = XFFImageView.m; sourceTree = "<group>"; };
		0426141D1EC2D2E90031ACC7 /* HotWeiBo.app */ = {isa = PBXFileReference; explicitFileType = wrapper.application; includeInIndex = 0; path = HotWeiBo.app; sourceTree = BUILT_PRODUCTS_DIR; };
		0426142C1EC2D2E90031ACC7 /* Assets.xcassets */ = {isa = PBXFileReference; lastKnownFileType = folder.assetcatalog; path = Assets.xcassets; sourceTree = "<group>"; };
		042614311EC2D2E90031ACC7 /* Info.plist */ = {isa = PBXFileReference; lastKnownFileType = text.plist.xml; path = Info.plist; sourceTree = "<group>"; };
		042614361EC2D2E90031ACC7 /* HotWeiBoTests.xctest */ = {isa = PBXFileReference; explicitFileType = wrapper.cfbundle; includeInIndex = 0; path = HotWeiBoTests.xctest; sourceTree = BUILT_PRODUCTS_DIR; };
		0426143A1EC2D2E90031ACC7 /* HotWeiBoTests.m */ = {isa = PBXFileReference; lastKnownFileType = sourcecode.c.objc; path = HotWeiBoTests.m; sourceTree = "<group>"; };
		0426143C1EC2D2E90031ACC7 /* Info.plist */ = {isa = PBXFileReference; lastKnownFileType = text.plist.xml; path = Info.plist; sourceTree = "<group>"; };
		042614411EC2D2EA0031ACC7 /* HotWeiBoUITests.xctest */ = {isa = PBXFileReference; explicitFileType = wrapper.cfbundle; includeInIndex = 0; path = HotWeiBoUITests.xctest; sourceTree = BUILT_PRODUCTS_DIR; };
		042614451EC2D2EA0031ACC7 /* HotWeiBoUITests.m */ = {isa = PBXFileReference; lastKnownFileType = sourcecode.c.objc; path = HotWeiBoUITests.m; sourceTree = "<group>"; };
		042614471EC2D2EA0031ACC7 /* Info.plist */ = {isa = PBXFileReference; lastKnownFileType = text.plist.xml; path = Info.plist; sourceTree = "<group>"; };
		043626481EEE5EB10004B8EA /* XFFPhotoBrower.h */ = {isa = PBXFileReference; fileEncoding = 4; lastKnownFileType = sourcecode.c.h; path = XFFPhotoBrower.h; sourceTree = "<group>"; };
		043626491EEE5EB10004B8EA /* XFFPhotoBrower.m */ = {isa = PBXFileReference; fileEncoding = 4; lastKnownFileType = sourcecode.c.objc; path = XFFPhotoBrower.m; sourceTree = "<group>"; };
		0436264E1EEF95970004B8EA /* UIView+ViewController.h */ = {isa = PBXFileReference; fileEncoding = 4; lastKnownFileType = sourcecode.c.h; path = "UIView+ViewController.h"; sourceTree = "<group>"; };
		0436264F1EEF95970004B8EA /* UIView+ViewController.m */ = {isa = PBXFileReference; fileEncoding = 4; lastKnownFileType = sourcecode.c.objc; path = "UIView+ViewController.m"; sourceTree = "<group>"; };
		043626571EF179A40004B8EA /* XFFTextPart.h */ = {isa = PBXFileReference; fileEncoding = 4; lastKnownFileType = sourcecode.c.h; path = XFFTextPart.h; sourceTree = "<group>"; };
		043626581EF179A40004B8EA /* XFFTextPart.m */ = {isa = PBXFileReference; fileEncoding = 4; lastKnownFileType = sourcecode.c.objc; path = XFFTextPart.m; sourceTree = "<group>"; };
		0436265A1EF20D7B0004B8EA /* XFFStatusTextView.h */ = {isa = PBXFileReference; fileEncoding = 4; lastKnownFileType = sourcecode.c.h; path = XFFStatusTextView.h; sourceTree = "<group>"; };
		0436265B1EF20D7B0004B8EA /* XFFStatusTextView.m */ = {isa = PBXFileReference; fileEncoding = 4; lastKnownFileType = sourcecode.c.objc; path = XFFStatusTextView.m; sourceTree = "<group>"; };
		0436265D1EF22E390004B8EA /* XFFTextPartDao.h */ = {isa = PBXFileReference; fileEncoding = 4; lastKnownFileType = sourcecode.c.h; path = XFFTextPartDao.h; sourceTree = "<group>"; };
		0436265E1EF22E390004B8EA /* XFFTextPartDao.m */ = {isa = PBXFileReference; fileEncoding = 4; lastKnownFileType = sourcecode.c.objc; path = XFFTextPartDao.m; sourceTree = "<group>"; };
		0476654F1EDFA19700BCCEE6 /* XFFBarHUD.h */ = {isa = PBXFileReference; fileEncoding = 4; lastKnownFileType = sourcecode.c.h; path = XFFBarHUD.h; sourceTree = "<group>"; };
		047665501EDFA19700BCCEE6 /* XFFBarHUD.m */ = {isa = PBXFileReference; fileEncoding = 4; lastKnownFileType = sourcecode.c.objc; path = XFFBarHUD.m; sourceTree = "<group>"; };
		047665521EDFA40300BCCEE6 /* XFFBarHUDButton.h */ = {isa = PBXFileReference; fileEncoding = 4; lastKnownFileType = sourcecode.c.h; path = XFFBarHUDButton.h; sourceTree = "<group>"; };
		047665531EDFA40300BCCEE6 /* XFFBarHUDButton.m */ = {isa = PBXFileReference; fileEncoding = 4; lastKnownFileType = sourcecode.c.objc; path = XFFBarHUDButton.m; sourceTree = "<group>"; };
		047665571EDFAE5000BCCEE6 /* XFFBarHUD.bundle */ = {isa = PBXFileReference; lastKnownFileType = "wrapper.plug-in"; path = XFFBarHUD.bundle; sourceTree = "<group>"; };
		0476655C1EDFD0C700BCCEE6 /* XFFNavHUD.h */ = {isa = PBXFileReference; fileEncoding = 4; lastKnownFileType = sourcecode.c.h; path = XFFNavHUD.h; sourceTree = "<group>"; };
		0476655D1EDFD0C700BCCEE6 /* XFFNavHUD.m */ = {isa = PBXFileReference; fileEncoding = 4; lastKnownFileType = sourcecode.c.objc; path = XFFNavHUD.m; sourceTree = "<group>"; };
		047665621EDFD32000BCCEE6 /* XFFEmotion.h */ = {isa = PBXFileReference; fileEncoding = 4; lastKnownFileType = sourcecode.c.h; path = XFFEmotion.h; sourceTree = "<group>"; };
		047665631EDFD32000BCCEE6 /* XFFEmotion.m */ = {isa = PBXFileReference; fileEncoding = 4; lastKnownFileType = sourcecode.c.objc; path = XFFEmotion.m; sourceTree = "<group>"; };
		047665661EDFD40100BCCEE6 /* XFFEmotionDao.h */ = {isa = PBXFileReference; fileEncoding = 4; lastKnownFileType = sourcecode.c.h; path = XFFEmotionDao.h; sourceTree = "<group>"; };
		047665671EDFD40100BCCEE6 /* XFFEmotionDao.m */ = {isa = PBXFileReference; fileEncoding = 4; lastKnownFileType = sourcecode.c.objc; path = XFFEmotionDao.m; sourceTree = "<group>"; };
		047665691EDFD60A00BCCEE6 /* XFFEmotionContentView.h */ = {isa = PBXFileReference; fileEncoding = 4; lastKnownFileType = sourcecode.c.h; path = XFFEmotionContentView.h; sourceTree = "<group>"; };
		0476656A1EDFD60A00BCCEE6 /* XFFEmotionContentView.m */ = {isa = PBXFileReference; fileEncoding = 4; lastKnownFileType = sourcecode.c.objc; path = XFFEmotionContentView.m; sourceTree = "<group>"; };
		0476656C1EE02A1400BCCEE6 /* XFFEmotionKeyboard.h */ = {isa = PBXFileReference; fileEncoding = 4; lastKnownFileType = sourcecode.c.h; path = XFFEmotionKeyboard.h; sourceTree = "<group>"; };
		0476656D1EE02A1400BCCEE6 /* XFFEmotionKeyboard.m */ = {isa = PBXFileReference; fileEncoding = 4; lastKnownFileType = sourcecode.c.objc; path = XFFEmotionKeyboard.m; sourceTree = "<group>"; };
		04B5B7C91EC2F16800E535B1 /* AppDelegate.h */ = {isa = PBXFileReference; fileEncoding = 4; lastKnownFileType = sourcecode.c.h; path = AppDelegate.h; sourceTree = "<group>"; };
		04B5B7CA1EC2F16800E535B1 /* AppDelegate.m */ = {isa = PBXFileReference; fileEncoding = 4; lastKnownFileType = sourcecode.c.objc; path = AppDelegate.m; sourceTree = "<group>"; };
		04B5B7CB1EC2F16800E535B1 /* main.m */ = {isa = PBXFileReference; fileEncoding = 4; lastKnownFileType = sourcecode.c.objc; path = main.m; sourceTree = "<group>"; };
		04B5B7DB1EC2F45C00E535B1 /* XFFTabBarController.h */ = {isa = PBXFileReference; fileEncoding = 4; lastKnownFileType = sourcecode.c.h; path = XFFTabBarController.h; sourceTree = "<group>"; };
		04B5B7DC1EC2F45C00E535B1 /* XFFTabBarController.m */ = {isa = PBXFileReference; fileEncoding = 4; lastKnownFileType = sourcecode.c.objc; path = XFFTabBarController.m; sourceTree = "<group>"; };
		04B5B7DE1EC2F4E200E535B1 /* XFFHomeViewController.h */ = {isa = PBXFileReference; fileEncoding = 4; lastKnownFileType = sourcecode.c.h; path = XFFHomeViewController.h; sourceTree = "<group>"; };
		04B5B7DF1EC2F4E200E535B1 /* XFFHomeViewController.m */ = {isa = PBXFileReference; fileEncoding = 4; lastKnownFileType = sourcecode.c.objc; path = XFFHomeViewController.m; sourceTree = "<group>"; };
		04B5B7E11EC2F4FA00E535B1 /* XFFDiscoverViewController.h */ = {isa = PBXFileReference; fileEncoding = 4; lastKnownFileType = sourcecode.c.h; path = XFFDiscoverViewController.h; sourceTree = "<group>"; };
		04B5B7E21EC2F4FA00E535B1 /* XFFDiscoverViewController.m */ = {isa = PBXFileReference; fileEncoding = 4; lastKnownFileType = sourcecode.c.objc; path = XFFDiscoverViewController.m; sourceTree = "<group>"; };
		04B5B7E41EC2F51200E535B1 /* XFFMessageViewController.h */ = {isa = PBXFileReference; fileEncoding = 4; lastKnownFileType = sourcecode.c.h; path = XFFMessageViewController.h; sourceTree = "<group>"; };
		04B5B7E51EC2F51200E535B1 /* XFFMessageViewController.m */ = {isa = PBXFileReference; fileEncoding = 4; lastKnownFileType = sourcecode.c.objc; path = XFFMessageViewController.m; sourceTree = "<group>"; };
		04B5B7E71EC2F52300E535B1 /* XFFProfileViewController.h */ = {isa = PBXFileReference; fileEncoding = 4; lastKnownFileType = sourcecode.c.h; path = XFFProfileViewController.h; sourceTree = "<group>"; };
		04B5B7E81EC2F52300E535B1 /* XFFProfileViewController.m */ = {isa = PBXFileReference; fileEncoding = 4; lastKnownFileType = sourcecode.c.objc; path = XFFProfileViewController.m; sourceTree = "<group>"; };
		04B5B7EA1EC304A800E535B1 /* HotWeiBo.pch */ = {isa = PBXFileReference; lastKnownFileType = sourcecode.c.h; path = HotWeiBo.pch; sourceTree = "<group>"; };
		04B5B7EB1EC308EE00E535B1 /* XFFTabBar.h */ = {isa = PBXFileReference; fileEncoding = 4; lastKnownFileType = sourcecode.c.h; path = XFFTabBar.h; sourceTree = "<group>"; };
		04B5B7EC1EC308EE00E535B1 /* XFFTabBar.m */ = {isa = PBXFileReference; fileEncoding = 4; lastKnownFileType = sourcecode.c.objc; path = XFFTabBar.m; sourceTree = "<group>"; };
		04B5B7EE1EC3150D00E535B1 /* UIView+Extension.h */ = {isa = PBXFileReference; fileEncoding = 4; lastKnownFileType = sourcecode.c.h; path = "UIView+Extension.h"; sourceTree = "<group>"; };
		04B5B7EF1EC3150D00E535B1 /* UIView+Extension.m */ = {isa = PBXFileReference; fileEncoding = 4; lastKnownFileType = sourcecode.c.objc; path = "UIView+Extension.m"; sourceTree = "<group>"; };
		04B5B7F41EC344BE00E535B1 /* UIBarButtonItem+Extension.h */ = {isa = PBXFileReference; fileEncoding = 4; lastKnownFileType = sourcecode.c.h; path = "UIBarButtonItem+Extension.h"; sourceTree = "<group>"; };
		04B5B7F51EC344BE00E535B1 /* UIBarButtonItem+Extension.m */ = {isa = PBXFileReference; fileEncoding = 4; lastKnownFileType = sourcecode.c.objc; path = "UIBarButtonItem+Extension.m"; sourceTree = "<group>"; };
		04B5B7F71EC349F100E535B1 /* XFFTitleButton.h */ = {isa = PBXFileReference; fileEncoding = 4; lastKnownFileType = sourcecode.c.h; path = XFFTitleButton.h; sourceTree = "<group>"; };
		04B5B7F81EC349F100E535B1 /* XFFTitleButton.m */ = {isa = PBXFileReference; fileEncoding = 4; lastKnownFileType = sourcecode.c.objc; path = XFFTitleButton.m; sourceTree = "<group>"; };
		04B5B7FA1ECADDDD00E535B1 /* XFFPopMenu.h */ = {isa = PBXFileReference; fileEncoding = 4; lastKnownFileType = sourcecode.c.h; path = XFFPopMenu.h; sourceTree = "<group>"; };
		04B5B7FB1ECADDDD00E535B1 /* XFFPopMenu.m */ = {isa = PBXFileReference; fileEncoding = 4; lastKnownFileType = sourcecode.c.objc; path = XFFPopMenu.m; sourceTree = "<group>"; };
		04B5B7FD1ECAF1E600E535B1 /* XFFPopMenuController.h */ = {isa = PBXFileReference; fileEncoding = 4; lastKnownFileType = sourcecode.c.h; path = XFFPopMenuController.h; sourceTree = "<group>"; };
		04B5B7FE1ECAF1E600E535B1 /* XFFPopMenuController.m */ = {isa = PBXFileReference; fileEncoding = 4; lastKnownFileType = sourcecode.c.objc; path = XFFPopMenuController.m; sourceTree = "<group>"; };
		04B5B8041ECB0ADA00E535B1 /* XFFOauthController.h */ = {isa = PBXFileReference; fileEncoding = 4; lastKnownFileType = sourcecode.c.h; path = XFFOauthController.h; sourceTree = "<group>"; };
		04B5B8051ECB0ADA00E535B1 /* XFFOauthController.m */ = {isa = PBXFileReference; fileEncoding = 4; lastKnownFileType = sourcecode.c.objc; path = XFFOauthController.m; sourceTree = "<group>"; };
		04C081691EE141A300B8DA75 /* default */ = {isa = PBXFileReference; lastKnownFileType = folder; path = default; sourceTree = "<group>"; };
		04C0816A1EE141A300B8DA75 /* lxh */ = {isa = PBXFileReference; lastKnownFileType = folder; path = lxh; sourceTree = "<group>"; };
		04C0816D1EE1546300B8DA75 /* XFFConst.m */ = {isa = PBXFileReference; fileEncoding = 4; lastKnownFileType = sourcecode.c.objc; path = XFFConst.m; sourceTree = "<group>"; };
		04C0816F1EE1557700B8DA75 /* XFFConst.h */ = {isa = PBXFileReference; fileEncoding = 4; lastKnownFileType = sourcecode.c.h; path = XFFConst.h; sourceTree = "<group>"; };
		04C081701EE16CD000B8DA75 /* XFFEmotionButton.h */ = {isa = PBXFileReference; fileEncoding = 4; lastKnownFileType = sourcecode.c.h; path = XFFEmotionButton.h; sourceTree = "<group>"; };
		04C081711EE16CD000B8DA75 /* XFFEmotionButton.m */ = {isa = PBXFileReference; fileEncoding = 4; lastKnownFileType = sourcecode.c.objc; path = XFFEmotionButton.m; sourceTree = "<group>"; };
		04C081731EE3929D00B8DA75 /* XFFEmotionTextArea.h */ = {isa = PBXFileReference; fileEncoding = 4; lastKnownFileType = sourcecode.c.h; path = XFFEmotionTextArea.h; sourceTree = "<group>"; };
		04C081741EE3929D00B8DA75 /* XFFEmotionTextArea.m */ = {isa = PBXFileReference; fileEncoding = 4; lastKnownFileType = sourcecode.c.objc; path = XFFEmotionTextArea.m; sourceTree = "<group>"; };
		04C081761EE392F200B8DA75 /* XFFEmotionAttachment.h */ = {isa = PBXFileReference; fileEncoding = 4; lastKnownFileType = sourcecode.c.h; path = XFFEmotionAttachment.h; sourceTree = "<group>"; };
		04C081771EE392F200B8DA75 /* XFFEmotionAttachment.m */ = {isa = PBXFileReference; fileEncoding = 4; lastKnownFileType = sourcecode.c.objc; path = XFFEmotionAttachment.m; sourceTree = "<group>"; };
		04C081791EE399C500B8DA75 /* XFFEmotionPopView.h */ = {isa = PBXFileReference; fileEncoding = 4; lastKnownFileType = sourcecode.c.h; path = XFFEmotionPopView.h; sourceTree = "<group>"; };
		04C0817A1EE399C500B8DA75 /* XFFEmotionPopView.m */ = {isa = PBXFileReference; fileEncoding = 4; lastKnownFileType = sourcecode.c.objc; path = XFFEmotionPopView.m; sourceTree = "<group>"; };
		04C0817C1EE399D100B8DA75 /* XFFEmotionPopView.xib */ = {isa = PBXFileReference; fileEncoding = 4; lastKnownFileType = file.xib; path = XFFEmotionPopView.xib; sourceTree = "<group>"; };
		04C0817E1EE3B50900B8DA75 /* XFFComposeToolBar.h */ = {isa = PBXFileReference; fileEncoding = 4; lastKnownFileType = sourcecode.c.h; path = XFFComposeToolBar.h; sourceTree = "<group>"; };
		04C0817F1EE3B50900B8DA75 /* XFFComposeToolBar.m */ = {isa = PBXFileReference; fileEncoding = 4; lastKnownFileType = sourcecode.c.objc; path = XFFComposeToolBar.m; sourceTree = "<group>"; };
		04C081821EE3BEDD00B8DA75 /* MBProgressHUD+MJ.h */ = {isa = PBXFileReference; fileEncoding = 4; lastKnownFileType = sourcecode.c.h; path = "MBProgressHUD+MJ.h"; sourceTree = "<group>"; };
		04C081831EE3BEDD00B8DA75 /* MBProgressHUD+MJ.m */ = {isa = PBXFileReference; fileEncoding = 4; lastKnownFileType = sourcecode.c.objc; path = "MBProgressHUD+MJ.m"; sourceTree = "<group>"; };
		04C081881EE3BEE900B8DA75 /* QBAssetCollectionViewController.h */ = {isa = PBXFileReference; fileEncoding = 4; lastKnownFileType = sourcecode.c.h; path = QBAssetCollectionViewController.h; sourceTree = "<group>"; };
		04C081891EE3BEE900B8DA75 /* QBAssetCollectionViewController.m */ = {isa = PBXFileReference; fileEncoding = 4; lastKnownFileType = sourcecode.c.objc; path = QBAssetCollectionViewController.m; sourceTree = "<group>"; };
		04C0818A1EE3BEE900B8DA75 /* QBAssetCollectionViewControllerDelegate.h */ = {isa = PBXFileReference; fileEncoding = 4; lastKnownFileType = sourcecode.c.h; path = QBAssetCollectionViewControllerDelegate.h; sourceTree = "<group>"; };
		04C0818B1EE3BEE900B8DA75 /* QBImagePickerAssetCell.h */ = {isa = PBXFileReference; fileEncoding = 4; lastKnownFileType = sourcecode.c.h; path = QBImagePickerAssetCell.h; sourceTree = "<group>"; };
		04C0818C1EE3BEE900B8DA75 /* QBImagePickerAssetCell.m */ = {isa = PBXFileReference; fileEncoding = 4; lastKnownFileType = sourcecode.c.objc; path = QBImagePickerAssetCell.m; sourceTree = "<group>"; };
		04C0818D1EE3BEE900B8DA75 /* QBImagePickerAssetCellDelegate.h */ = {isa = PBXFileReference; fileEncoding = 4; lastKnownFileType = sourcecode.c.h; path = QBImagePickerAssetCellDelegate.h; sourceTree = "<group>"; };
		04C0818E1EE3BEE900B8DA75 /* QBImagePickerAssetView.h */ = {isa = PBXFileReference; fileEncoding = 4; lastKnownFileType = sourcecode.c.h; path = QBImagePickerAssetView.h; sourceTree = "<group>"; };
		04C0818F1EE3BEE900B8DA75 /* QBImagePickerAssetView.m */ = {isa = PBXFileReference; fileEncoding = 4; lastKnownFileType = sourcecode.c.objc; path = QBImagePickerAssetView.m; sourceTree = "<group>"; };
		04C081901EE3BEE900B8DA75 /* QBImagePickerAssetViewDelegate.h */ = {isa = PBXFileReference; fileEncoding = 4; lastKnownFileType = sourcecode.c.h; path = QBImagePickerAssetViewDelegate.h; sourceTree = "<group>"; };
		04C081911EE3BEE900B8DA75 /* QBImagePickerController.bundle */ = {isa = PBXFileReference; lastKnownFileType = "wrapper.plug-in"; path = QBImagePickerController.bundle; sourceTree = "<group>"; };
		04C081921EE3BEE900B8DA75 /* QBImagePickerController.h */ = {isa = PBXFileReference; fileEncoding = 4; lastKnownFileType = sourcecode.c.h; path = QBImagePickerController.h; sourceTree = "<group>"; };
		04C081931EE3BEE900B8DA75 /* QBImagePickerController.m */ = {isa = PBXFileReference; fileEncoding = 4; lastKnownFileType = sourcecode.c.objc; path = QBImagePickerController.m; sourceTree = "<group>"; };
		04C081941EE3BEE900B8DA75 /* QBImagePickerFooterView.h */ = {isa = PBXFileReference; fileEncoding = 4; lastKnownFileType = sourcecode.c.h; path = QBImagePickerFooterView.h; sourceTree = "<group>"; };
		04C081951EE3BEE900B8DA75 /* QBImagePickerFooterView.m */ = {isa = PBXFileReference; fileEncoding = 4; lastKnownFileType = sourcecode.c.objc; path = QBImagePickerFooterView.m; sourceTree = "<group>"; };
		04C081961EE3BEE900B8DA75 /* QBImagePickerGroupCell.h */ = {isa = PBXFileReference; fileEncoding = 4; lastKnownFileType = sourcecode.c.h; path = QBImagePickerGroupCell.h; sourceTree = "<group>"; };
		04C081971EE3BEE900B8DA75 /* QBImagePickerGroupCell.m */ = {isa = PBXFileReference; fileEncoding = 4; lastKnownFileType = sourcecode.c.objc; path = QBImagePickerGroupCell.m; sourceTree = "<group>"; };
		04C081981EE3BEE900B8DA75 /* QBImagePickerVideoInfoView.h */ = {isa = PBXFileReference; fileEncoding = 4; lastKnownFileType = sourcecode.c.h; path = QBImagePickerVideoInfoView.h; sourceTree = "<group>"; };
		04C081991EE3BEE900B8DA75 /* QBImagePickerVideoInfoView.m */ = {isa = PBXFileReference; fileEncoding = 4; lastKnownFileType = sourcecode.c.objc; path = QBImagePickerVideoInfoView.m; sourceTree = "<group>"; };
		04C081A21EE3C10900B8DA75 /* XFFComposePhotosView.h */ = {isa = PBXFileReference; fileEncoding = 4; lastKnownFileType = sourcecode.c.h; path = XFFComposePhotosView.h; sourceTree = "<group>"; };
		04C081A31EE3C10900B8DA75 /* XFFComposePhotosView.m */ = {isa = PBXFileReference; fileEncoding = 4; lastKnownFileType = sourcecode.c.objc; path = XFFComposePhotosView.m; sourceTree = "<group>"; };
		04CC073D1ECDC13F00401AEC /* NSString+Date.h */ = {isa = PBXFileReference; fileEncoding = 4; lastKnownFileType = sourcecode.c.h; path = "NSString+Date.h"; sourceTree = "<group>"; };
		04CC073E1ECDC13F00401AEC /* NSString+Date.m */ = {isa = PBXFileReference; fileEncoding = 4; lastKnownFileType = sourcecode.c.objc; path = "NSString+Date.m"; sourceTree = "<group>"; };
		04CC07401ECFDEE400401AEC /* XFFLoadMoreFooter.h */ = {isa = PBXFileReference; fileEncoding = 4; lastKnownFileType = sourcecode.c.h; path = XFFLoadMoreFooter.h; sourceTree = "<group>"; };
		04CC07411ECFDEE400401AEC /* XFFLoadMoreFooter.m */ = {isa = PBXFileReference; fileEncoding = 4; lastKnownFileType = sourcecode.c.objc; path = XFFLoadMoreFooter.m; sourceTree = "<group>"; };
		04CC07431ECFDF0C00401AEC /* XFFLoadMoreFooter.xib */ = {isa = PBXFileReference; fileEncoding = 4; lastKnownFileType = file.xib; path = XFFLoadMoreFooter.xib; sourceTree = "<group>"; };
		04CC07491EDE802900401AEC /* XFFComposeViewController.h */ = {isa = PBXFileReference; fileEncoding = 4; lastKnownFileType = sourcecode.c.h; path = XFFComposeViewController.h; sourceTree = "<group>"; };
		04CC074A1EDE802900401AEC /* XFFComposeViewController.m */ = {isa = PBXFileReference; fileEncoding = 4; lastKnownFileType = sourcecode.c.objc; path = XFFComposeViewController.m; sourceTree = "<group>"; };
		04CC074C1EDEB6CB00401AEC /* XFFTextArea.h */ = {isa = PBXFileReference; fileEncoding = 4; lastKnownFileType = sourcecode.c.h; path = XFFTextArea.h; sourceTree = "<group>"; };
		04CC074D1EDEB6CB00401AEC /* XFFTextArea.m */ = {isa = PBXFileReference; fileEncoding = 4; lastKnownFileType = sourcecode.c.objc; path = XFFTextArea.m; sourceTree = "<group>"; };
		04D3BA731ECC8DAC002B961F /* XFFStatus.h */ = {isa = PBXFileReference; fileEncoding = 4; lastKnownFileType = sourcecode.c.h; path = XFFStatus.h; sourceTree = "<group>"; };
		04D3BA741ECC8DAC002B961F /* XFFStatus.m */ = {isa = PBXFileReference; fileEncoding = 4; lastKnownFileType = sourcecode.c.objc; path = XFFStatus.m; sourceTree = "<group>"; };
		04D3BA761ECC8DBA002B961F /* XFFUser.h */ = {isa = PBXFileReference; fileEncoding = 4; lastKnownFileType = sourcecode.c.h; path = XFFUser.h; sourceTree = "<group>"; };
		04D3BA771ECC8DBA002B961F /* XFFUser.m */ = {isa = PBXFileReference; fileEncoding = 4; lastKnownFileType = sourcecode.c.objc; path = XFFUser.m; sourceTree = "<group>"; };
		04D3BA791ECD8A8D002B961F /* XFFHomeStatusResult.h */ = {isa = PBXFileReference; fileEncoding = 4; lastKnownFileType = sourcecode.c.h; path = XFFHomeStatusResult.h; sourceTree = "<group>"; };
		04D3BA7A1ECD8A8D002B961F /* XFFHomeStatusResult.m */ = {isa = PBXFileReference; fileEncoding = 4; lastKnownFileType = sourcecode.c.objc; path = XFFHomeStatusResult.m; sourceTree = "<group>"; };
		04D3BA7C1ECD9162002B961F /* XFFPicUrl.h */ = {isa = PBXFileReference; fileEncoding = 4; lastKnownFileType = sourcecode.c.h; path = XFFPicUrl.h; sourceTree = "<group>"; };
		04D3BA7D1ECD9162002B961F /* XFFPicUrl.m */ = {isa = PBXFileReference; fileEncoding = 4; lastKnownFileType = sourcecode.c.objc; path = XFFPicUrl.m; sourceTree = "<group>"; };
		04D3BA7F1ECDACF7002B961F /* NSDate+Extension.h */ = {isa = PBXFileReference; fileEncoding = 4; lastKnownFileType = sourcecode.c.h; path = "NSDate+Extension.h"; sourceTree = "<group>"; };
		04D3BA801ECDACF7002B961F /* NSDate+Extension.m */ = {isa = PBXFileReference; fileEncoding = 4; lastKnownFileType = sourcecode.c.objc; path = "NSDate+Extension.m"; sourceTree = "<group>"; };
		04D6C63F1ECC1C3A004F4045 /* XFFAccount.h */ = {isa = PBXFileReference; fileEncoding = 4; lastKnownFileType = sourcecode.c.h; path = XFFAccount.h; sourceTree = "<group>"; };
		04D6C6401ECC1C3A004F4045 /* XFFAccount.m */ = {isa = PBXFileReference; fileEncoding = 4; lastKnownFileType = sourcecode.c.objc; path = XFFAccount.m; sourceTree = "<group>"; };
		04D6C6431ECC2297004F4045 /* XFFAccountDao.h */ = {isa = PBXFileReference; fileEncoding = 4; lastKnownFileType = sourcecode.c.h; path = XFFAccountDao.h; sourceTree = "<group>"; };
		04D6C6441ECC2297004F4045 /* XFFAccountDao.m */ = {isa = PBXFileReference; fileEncoding = 4; lastKnownFileType = sourcecode.c.objc; path = XFFAccountDao.m; sourceTree = "<group>"; };
		1313267BB48A1F24DF5A2F9F /* Pods-HotWeiBo.debug.xcconfig */ = {isa = PBXFileReference; includeInIndex = 1; lastKnownFileType = text.xcconfig; name = "Pods-HotWeiBo.debug.xcconfig"; path = "Pods/Target Support Files/Pods-HotWeiBo/Pods-HotWeiBo.debug.xcconfig"; sourceTree = "<group>"; };
		9DCE9D2A1FF9D36AA53C8CFA /* Pods-HotWeiBo.release.xcconfig */ = {isa = PBXFileReference; includeInIndex = 1; lastKnownFileType = text.xcconfig; name = "Pods-HotWeiBo.release.xcconfig"; path = "Pods/Target Support Files/Pods-HotWeiBo/Pods-HotWeiBo.release.xcconfig"; sourceTree = "<group>"; };
		E5DC29E7E1004F441AD98D59 /* libPods-HotWeiBo.a */ = {isa = PBXFileReference; explicitFileType = archive.ar; includeInIndex = 0; path = "libPods-HotWeiBo.a"; sourceTree = BUILT_PRODUCTS_DIR; };
/* End PBXFileReference section */

/* Begin PBXFrameworksBuildPhase section */
		0426141A1EC2D2E90031ACC7 /* Frameworks */ = {
			isa = PBXFrameworksBuildPhase;
			buildActionMask = 2147483647;
			files = (
				B3996E1871232961BF88B5EA /* libPods-HotWeiBo.a in Frameworks */,
			);
			runOnlyForDeploymentPostprocessing = 0;
		};
		042614331EC2D2E90031ACC7 /* Frameworks */ = {
			isa = PBXFrameworksBuildPhase;
			buildActionMask = 2147483647;
			files = (
			);
			runOnlyForDeploymentPostprocessing = 0;
		};
		0426143E1EC2D2EA0031ACC7 /* Frameworks */ = {
			isa = PBXFrameworksBuildPhase;
			buildActionMask = 2147483647;
			files = (
			);
			runOnlyForDeploymentPostprocessing = 0;
		};
/* End PBXFrameworksBuildPhase section */

/* Begin PBXGroup section */
		041EC2C042B5E8CF1D1FBBB8 /* Pods */ = {
			isa = PBXGroup;
			children = (
				1313267BB48A1F24DF5A2F9F /* Pods-HotWeiBo.debug.xcconfig */,
				9DCE9D2A1FF9D36AA53C8CFA /* Pods-HotWeiBo.release.xcconfig */,
			);
			name = Pods;
			sourceTree = "<group>";
		};
		0425DB6C1EE52A8F006762BC /* Networking */ = {
			isa = PBXGroup;
			children = (
				0425DB6D1EE52AE5006762BC /* XFFNetworking.h */,
				0425DB6E1EE52AE5006762BC /* XFFNetworking.m */,
			);
			path = Networking;
			sourceTree = "<group>";
		};
		0425DB701EE666FE006762BC /* Newfeature */ = {
			isa = PBXGroup;
			children = (
				0425DB711EE666FE006762BC /* Controller */,
				0425DB721EE666FE006762BC /* Model */,
				0425DB731EE666FE006762BC /* View */,
			);
			path = Newfeature;
			sourceTree = "<group>";
		};
		0425DB711EE666FE006762BC /* Controller */ = {
			isa = PBXGroup;
			children = (
				0425DB741EE6673B006762BC /* XFFNewfeatureViewController.h */,
				0425DB751EE6673B006762BC /* XFFNewfeatureViewController.m */,
				0425DB761EE6673B006762BC /* XFFNewfeatureViewController.xib */,
				0425DB791EE667F2006762BC /* XFFWelcomeViewController.h */,
				0425DB7A1EE667F2006762BC /* XFFWelcomeViewController.m */,
				0425DB7B1EE667F2006762BC /* XFFWelcomeViewController.xib */,
			);
			path = Controller;
			sourceTree = "<group>";
		};
		0425DB721EE666FE006762BC /* Model */ = {
			isa = PBXGroup;
			children = (
			);
			path = Model;
			sourceTree = "<group>";
		};
		0425DB731EE666FE006762BC /* View */ = {
			isa = PBXGroup;
			children = (
			);
			path = View;
			sourceTree = "<group>";
		};
		0425DB811EE6931C006762BC /* Title */ = {
			isa = PBXGroup;
			children = (
				04B5B7F71EC349F100E535B1 /* XFFTitleButton.h */,
				04B5B7F81EC349F100E535B1 /* XFFTitleButton.m */,
				0476655C1EDFD0C700BCCEE6 /* XFFNavHUD.h */,
				0476655D1EDFD0C700BCCEE6 /* XFFNavHUD.m */,
				04B5B7FA1ECADDDD00E535B1 /* XFFPopMenu.h */,
				04B5B7FB1ECADDDD00E535B1 /* XFFPopMenu.m */,
			);
			name = Title;
			sourceTree = "<group>";
		};
		0425DB821EE6933F006762BC /* Footer */ = {
			isa = PBXGroup;
			children = (
				04CC07401ECFDEE400401AEC /* XFFLoadMoreFooter.h */,
				04CC07411ECFDEE400401AEC /* XFFLoadMoreFooter.m */,
				04CC07431ECFDF0C00401AEC /* XFFLoadMoreFooter.xib */,
			);
			name = Footer;
			sourceTree = "<group>";
		};
		0425DB831EE6934F006762BC /* Cell */ = {
			isa = PBXGroup;
			children = (
				0425DB841EE6937E006762BC /* XFFTableViewCell.h */,
				0425DB851EE6937E006762BC /* XFFTableViewCell.m */,
				0425DB871EE6939D006762BC /* XFFTopView.h */,
				0425DB881EE6939D006762BC /* XFFTopView.m */,
				0425DB8A1EE693AF006762BC /* XFFBottomView.h */,
				0425DB8B1EE693AF006762BC /* XFFBottomView.m */,
				0425DB8D1EE693CC006762BC /* XFFOriginalView.h */,
				0425DB8E1EE693CC006762BC /* XFFOriginalView.m */,
				0425DB901EE693E6006762BC /* XFFRetweetView.h */,
				0425DB911EE693E6006762BC /* XFFRetweetView.m */,
				0425DB991EE6C105006762BC /* XFFPicturesView.h */,
				0425DB9A1EE6C105006762BC /* XFFPicturesView.m */,
				0425DB9F1EE6C6E7006762BC /* XFFImageView.h */,
				0425DBA01EE6C6E7006762BC /* XFFImageView.m */,
				0436265A1EF20D7B0004B8EA /* XFFStatusTextView.h */,
				0436265B1EF20D7B0004B8EA /* XFFStatusTextView.m */,
			);
			name = Cell;
			sourceTree = "<group>";
		};
		042614141EC2D2E80031ACC7 = {
			isa = PBXGroup;
			children = (
				0426141F1EC2D2E90031ACC7 /* HotWeiBo */,
				042614391EC2D2E90031ACC7 /* HotWeiBoTests */,
				042614441EC2D2EA0031ACC7 /* HotWeiBoUITests */,
				0426141E1EC2D2E90031ACC7 /* Products */,
				041EC2C042B5E8CF1D1FBBB8 /* Pods */,
				858EB4204230BAC54420594E /* Frameworks */,
			);
			sourceTree = "<group>";
		};
		0426141E1EC2D2E90031ACC7 /* Products */ = {
			isa = PBXGroup;
			children = (
				0426141D1EC2D2E90031ACC7 /* HotWeiBo.app */,
				042614361EC2D2E90031ACC7 /* HotWeiBoTests.xctest */,
				042614411EC2D2EA0031ACC7 /* HotWeiBoUITests.xctest */,
			);
			name = Products;
			sourceTree = "<group>";
		};
		0426141F1EC2D2E90031ACC7 /* HotWeiBo */ = {
			isa = PBXGroup;
			children = (
				04B5B7BA1EC2F16800E535B1 /* Classes */,
				0426142C1EC2D2E90031ACC7 /* Assets.xcassets */,
				042614311EC2D2E90031ACC7 /* Info.plist */,
				042614201EC2D2E90031ACC7 /* Supporting Files */,
			);
			path = HotWeiBo;
			sourceTree = "<group>";
		};
		042614201EC2D2E90031ACC7 /* Supporting Files */ = {
			isa = PBXGroup;
			children = (
				04C081691EE141A300B8DA75 /* default */,
				04C0816A1EE141A300B8DA75 /* lxh */,
			);
			name = "Supporting Files";
			sourceTree = "<group>";
		};
		042614391EC2D2E90031ACC7 /* HotWeiBoTests */ = {
			isa = PBXGroup;
			children = (
				0426143A1EC2D2E90031ACC7 /* HotWeiBoTests.m */,
				0426143C1EC2D2E90031ACC7 /* Info.plist */,
			);
			path = HotWeiBoTests;
			sourceTree = "<group>";
		};
		042614441EC2D2EA0031ACC7 /* HotWeiBoUITests */ = {
			isa = PBXGroup;
			children = (
				042614451EC2D2EA0031ACC7 /* HotWeiBoUITests.m */,
				042614471EC2D2EA0031ACC7 /* Info.plist */,
			);
			path = HotWeiBoUITests;
			sourceTree = "<group>";
		};
		047665651EDFD3EE00BCCEE6 /* Dao */ = {
			isa = PBXGroup;
			children = (
				047665661EDFD40100BCCEE6 /* XFFEmotionDao.h */,
				047665671EDFD40100BCCEE6 /* XFFEmotionDao.m */,
			);
			path = Dao;
			sourceTree = "<group>";
		};
		04B5B7BA1EC2F16800E535B1 /* Classes */ = {
			isa = PBXGroup;
			children = (
				0425DB701EE666FE006762BC /* Newfeature */,
				04CC07451EDE7FD600401AEC /* Compose */,
				04B5B8001ECB0AB400E535B1 /* Oauth */,
				04B5B7BB1EC2F16800E535B1 /* Discover */,
				04B5B7BF1EC2F16800E535B1 /* Home */,
				04B5B7C31EC2F16800E535B1 /* Main */,
				04B5B7CD1EC2F16800E535B1 /* Message */,
				04B5B7D11EC2F16800E535B1 /* Profile */,
				04B5B7D51EC2F16800E535B1 /* Test */,
			);
			path = Classes;
			sourceTree = "<group>";
		};
		04B5B7BB1EC2F16800E535B1 /* Discover */ = {
			isa = PBXGroup;
			children = (
				04B5B7BC1EC2F16800E535B1 /* Controller */,
				04B5B7BD1EC2F16800E535B1 /* Model */,
				04B5B7BE1EC2F16800E535B1 /* View */,
			);
			path = Discover;
			sourceTree = "<group>";
		};
		04B5B7BC1EC2F16800E535B1 /* Controller */ = {
			isa = PBXGroup;
			children = (
				04B5B7E11EC2F4FA00E535B1 /* XFFDiscoverViewController.h */,
				04B5B7E21EC2F4FA00E535B1 /* XFFDiscoverViewController.m */,
			);
			path = Controller;
			sourceTree = "<group>";
		};
		04B5B7BD1EC2F16800E535B1 /* Model */ = {
			isa = PBXGroup;
			children = (
			);
			path = Model;
			sourceTree = "<group>";
		};
		04B5B7BE1EC2F16800E535B1 /* View */ = {
			isa = PBXGroup;
			children = (
			);
			path = View;
			sourceTree = "<group>";
		};
		04B5B7BF1EC2F16800E535B1 /* Home */ = {
			isa = PBXGroup;
			children = (
				04B5B7C01EC2F16800E535B1 /* Controller */,
				04B5B7C11EC2F16800E535B1 /* Model */,
				04B5B7C21EC2F16800E535B1 /* View */,
			);
			path = Home;
			sourceTree = "<group>";
		};
		04B5B7C01EC2F16800E535B1 /* Controller */ = {
			isa = PBXGroup;
			children = (
				04B5B7DE1EC2F4E200E535B1 /* XFFHomeViewController.h */,
				04B5B7DF1EC2F4E200E535B1 /* XFFHomeViewController.m */,
				04B5B7FD1ECAF1E600E535B1 /* XFFPopMenuController.h */,
				04B5B7FE1ECAF1E600E535B1 /* XFFPopMenuController.m */,
				043626481EEE5EB10004B8EA /* XFFPhotoBrower.h */,
				043626491EEE5EB10004B8EA /* XFFPhotoBrower.m */,
			);
			path = Controller;
			sourceTree = "<group>";
		};
		04B5B7C11EC2F16800E535B1 /* Model */ = {
			isa = PBXGroup;
			children = (
				04D3BA731ECC8DAC002B961F /* XFFStatus.h */,
				04D3BA741ECC8DAC002B961F /* XFFStatus.m */,
				04D3BA761ECC8DBA002B961F /* XFFUser.h */,
				04D3BA771ECC8DBA002B961F /* XFFUser.m */,
				04D3BA791ECD8A8D002B961F /* XFFHomeStatusResult.h */,
				04D3BA7A1ECD8A8D002B961F /* XFFHomeStatusResult.m */,
				04D3BA7C1ECD9162002B961F /* XFFPicUrl.h */,
				04D3BA7D1ECD9162002B961F /* XFFPicUrl.m */,
				0425DB931EE69402006762BC /* XFFStatusFrame.h */,
				0425DB941EE69402006762BC /* XFFStatusFrame.m */,
				043626571EF179A40004B8EA /* XFFTextPart.h */,
				043626581EF179A40004B8EA /* XFFTextPart.m */,
				0436265D1EF22E390004B8EA /* XFFTextPartDao.h */,
				0436265E1EF22E390004B8EA /* XFFTextPartDao.m */,
			);
			path = Model;
			sourceTree = "<group>";
		};
		04B5B7C21EC2F16800E535B1 /* View */ = {
			isa = PBXGroup;
			children = (
				0425DB831EE6934F006762BC /* Cell */,
				0425DB821EE6933F006762BC /* Footer */,
				0425DB811EE6931C006762BC /* Title */,
			);
			path = View;
			sourceTree = "<group>";
		};
		04B5B7C31EC2F16800E535B1 /* Main */ = {
			isa = PBXGroup;
			children = (
				0425DB6C1EE52A8F006762BC /* Networking */,
				04B5B7C41EC2F16800E535B1 /* Category */,
				04B5B7C51EC2F16800E535B1 /* Controller */,
				04B5B7C61EC2F16800E535B1 /* Lib */,
				04B5B7C71EC2F16800E535B1 /* Model */,
				04B5B7C81EC2F16800E535B1 /* Other */,
				04B5B7CC1EC2F16800E535B1 /* View */,
			);
			path = Main;
			sourceTree = "<group>";
		};
		04B5B7C41EC2F16800E535B1 /* Category */ = {
			isa = PBXGroup;
			children = (
				04B5B7EE1EC3150D00E535B1 /* UIView+Extension.h */,
				04B5B7EF1EC3150D00E535B1 /* UIView+Extension.m */,
				04B5B7F41EC344BE00E535B1 /* UIBarButtonItem+Extension.h */,
				04B5B7F51EC344BE00E535B1 /* UIBarButtonItem+Extension.m */,
				04D3BA7F1ECDACF7002B961F /* NSDate+Extension.h */,
				04D3BA801ECDACF7002B961F /* NSDate+Extension.m */,
				04CC073D1ECDC13F00401AEC /* NSString+Date.h */,
				04CC073E1ECDC13F00401AEC /* NSString+Date.m */,
				0425DB7E1EE66812006762BC /* UIWindow+Extension.h */,
				0425DB7F1EE66812006762BC /* UIWindow+Extension.m */,
				0425DB961EE6ACE3006762BC /* UIImage+XFF.h */,
				0425DB971EE6ACE3006762BC /* UIImage+XFF.m */,
				0436264E1EEF95970004B8EA /* UIView+ViewController.h */,
				0436264F1EEF95970004B8EA /* UIView+ViewController.m */,
			);
			path = Category;
			sourceTree = "<group>";
		};
		04B5B7C51EC2F16800E535B1 /* Controller */ = {
			isa = PBXGroup;
			children = (
				04B5B7DB1EC2F45C00E535B1 /* XFFTabBarController.h */,
				04B5B7DC1EC2F45C00E535B1 /* XFFTabBarController.m */,
			);
			path = Controller;
			sourceTree = "<group>";
		};
		04B5B7C61EC2F16800E535B1 /* Lib */ = {
			isa = PBXGroup;
			children = (
				04C081871EE3BEE900B8DA75 /* QBImagePickerController */,
				04C081811EE3BEDD00B8DA75 /* MBProgressHUD+MJ */,
			);
			path = Lib;
			sourceTree = "<group>";
		};
		04B5B7C71EC2F16800E535B1 /* Model */ = {
			isa = PBXGroup;
			children = (
			);
			path = Model;
			sourceTree = "<group>";
		};
		04B5B7C81EC2F16800E535B1 /* Other */ = {
			isa = PBXGroup;
			children = (
				04B5B7C91EC2F16800E535B1 /* AppDelegate.h */,
				04B5B7CA1EC2F16800E535B1 /* AppDelegate.m */,
				04B5B7CB1EC2F16800E535B1 /* main.m */,
				04B5B7EA1EC304A800E535B1 /* HotWeiBo.pch */,
				04C0816F1EE1557700B8DA75 /* XFFConst.h */,
				04C0816D1EE1546300B8DA75 /* XFFConst.m */,
			);
			path = Other;
			sourceTree = "<group>";
		};
		04B5B7CC1EC2F16800E535B1 /* View */ = {
			isa = PBXGroup;
			children = (
				04B5B7EB1EC308EE00E535B1 /* XFFTabBar.h */,
				04B5B7EC1EC308EE00E535B1 /* XFFTabBar.m */,
			);
			path = View;
			sourceTree = "<group>";
		};
		04B5B7CD1EC2F16800E535B1 /* Message */ = {
			isa = PBXGroup;
			children = (
				04B5B7CE1EC2F16800E535B1 /* Controller */,
				04B5B7CF1EC2F16800E535B1 /* Model */,
				04B5B7D01EC2F16800E535B1 /* View */,
			);
			path = Message;
			sourceTree = "<group>";
		};
		04B5B7CE1EC2F16800E535B1 /* Controller */ = {
			isa = PBXGroup;
			children = (
				04B5B7E41EC2F51200E535B1 /* XFFMessageViewController.h */,
				04B5B7E51EC2F51200E535B1 /* XFFMessageViewController.m */,
			);
			path = Controller;
			sourceTree = "<group>";
		};
		04B5B7CF1EC2F16800E535B1 /* Model */ = {
			isa = PBXGroup;
			children = (
			);
			path = Model;
			sourceTree = "<group>";
		};
		04B5B7D01EC2F16800E535B1 /* View */ = {
			isa = PBXGroup;
			children = (
			);
			path = View;
			sourceTree = "<group>";
		};
		04B5B7D11EC2F16800E535B1 /* Profile */ = {
			isa = PBXGroup;
			children = (
				04B5B7D21EC2F16800E535B1 /* Controller */,
				04B5B7D31EC2F16800E535B1 /* Model */,
				04B5B7D41EC2F16800E535B1 /* View */,
			);
			path = Profile;
			sourceTree = "<group>";
		};
		04B5B7D21EC2F16800E535B1 /* Controller */ = {
			isa = PBXGroup;
			children = (
				04B5B7E71EC2F52300E535B1 /* XFFProfileViewController.h */,
				04B5B7E81EC2F52300E535B1 /* XFFProfileViewController.m */,
			);
			path = Controller;
			sourceTree = "<group>";
		};
		04B5B7D31EC2F16800E535B1 /* Model */ = {
			isa = PBXGroup;
			children = (
			);
			path = Model;
			sourceTree = "<group>";
		};
		04B5B7D41EC2F16800E535B1 /* View */ = {
			isa = PBXGroup;
			children = (
			);
			path = View;
			sourceTree = "<group>";
		};
		04B5B7D51EC2F16800E535B1 /* Test */ = {
			isa = PBXGroup;
			children = (
				04B5B7D61EC2F16800E535B1 /* Controller */,
				04B5B7D71EC2F16800E535B1 /* Model */,
				04B5B7D81EC2F16800E535B1 /* View */,
			);
			path = Test;
			sourceTree = "<group>";
		};
		04B5B7D61EC2F16800E535B1 /* Controller */ = {
			isa = PBXGroup;
			children = (
			);
			path = Controller;
			sourceTree = "<group>";
		};
		04B5B7D71EC2F16800E535B1 /* Model */ = {
			isa = PBXGroup;
			children = (
			);
			path = Model;
			sourceTree = "<group>";
		};
		04B5B7D81EC2F16800E535B1 /* View */ = {
			isa = PBXGroup;
			children = (
			);
			path = View;
			sourceTree = "<group>";
		};
		04B5B8001ECB0AB400E535B1 /* Oauth */ = {
			isa = PBXGroup;
			children = (
				04D6C6421ECC2283004F4045 /* Dao */,
				04B5B8011ECB0AB400E535B1 /* Controller */,
				04B5B8021ECB0AB400E535B1 /* Model */,
				04B5B8031ECB0AB400E535B1 /* View */,
			);
			path = Oauth;
			sourceTree = "<group>";
		};
		04B5B8011ECB0AB400E535B1 /* Controller */ = {
			isa = PBXGroup;
			children = (
				04B5B8041ECB0ADA00E535B1 /* XFFOauthController.h */,
				04B5B8051ECB0ADA00E535B1 /* XFFOauthController.m */,
			);
			path = Controller;
			sourceTree = "<group>";
		};
		04B5B8021ECB0AB400E535B1 /* Model */ = {
			isa = PBXGroup;
			children = (
				04D6C63F1ECC1C3A004F4045 /* XFFAccount.h */,
				04D6C6401ECC1C3A004F4045 /* XFFAccount.m */,
			);
			path = Model;
			sourceTree = "<group>";
		};
		04B5B8031ECB0AB400E535B1 /* View */ = {
			isa = PBXGroup;
			children = (
			);
			path = View;
			sourceTree = "<group>";
		};
		04C081811EE3BEDD00B8DA75 /* MBProgressHUD+MJ */ = {
			isa = PBXGroup;
			children = (
				0425DB6A1EE50CFA006762BC /* MBProgressHUD.bundle */,
				04C081821EE3BEDD00B8DA75 /* MBProgressHUD+MJ.h */,
				04C081831EE3BEDD00B8DA75 /* MBProgressHUD+MJ.m */,
			);
			path = "MBProgressHUD+MJ";
			sourceTree = "<group>";
		};
		04C081871EE3BEE900B8DA75 /* QBImagePickerController */ = {
			isa = PBXGroup;
			children = (
				04C081881EE3BEE900B8DA75 /* QBAssetCollectionViewController.h */,
				04C081891EE3BEE900B8DA75 /* QBAssetCollectionViewController.m */,
				04C0818A1EE3BEE900B8DA75 /* QBAssetCollectionViewControllerDelegate.h */,
				04C0818B1EE3BEE900B8DA75 /* QBImagePickerAssetCell.h */,
				04C0818C1EE3BEE900B8DA75 /* QBImagePickerAssetCell.m */,
				04C0818D1EE3BEE900B8DA75 /* QBImagePickerAssetCellDelegate.h */,
				04C0818E1EE3BEE900B8DA75 /* QBImagePickerAssetView.h */,
				04C0818F1EE3BEE900B8DA75 /* QBImagePickerAssetView.m */,
				04C081901EE3BEE900B8DA75 /* QBImagePickerAssetViewDelegate.h */,
				04C081911EE3BEE900B8DA75 /* QBImagePickerController.bundle */,
				04C081921EE3BEE900B8DA75 /* QBImagePickerController.h */,
				04C081931EE3BEE900B8DA75 /* QBImagePickerController.m */,
				04C081941EE3BEE900B8DA75 /* QBImagePickerFooterView.h */,
				04C081951EE3BEE900B8DA75 /* QBImagePickerFooterView.m */,
				04C081961EE3BEE900B8DA75 /* QBImagePickerGroupCell.h */,
				04C081971EE3BEE900B8DA75 /* QBImagePickerGroupCell.m */,
				04C081981EE3BEE900B8DA75 /* QBImagePickerVideoInfoView.h */,
				04C081991EE3BEE900B8DA75 /* QBImagePickerVideoInfoView.m */,
			);
			path = QBImagePickerController;
			sourceTree = "<group>";
		};
		04CC07451EDE7FD600401AEC /* Compose */ = {
			isa = PBXGroup;
			children = (
				047665651EDFD3EE00BCCEE6 /* Dao */,
				04CC07461EDE7FD700401AEC /* Controller */,
				04CC07471EDE7FD700401AEC /* Model */,
				04CC07481EDE7FD700401AEC /* View */,
			);
			path = Compose;
			sourceTree = "<group>";
		};
		04CC07461EDE7FD700401AEC /* Controller */ = {
			isa = PBXGroup;
			children = (
				04CC07491EDE802900401AEC /* XFFComposeViewController.h */,
				04CC074A1EDE802900401AEC /* XFFComposeViewController.m */,
			);
			path = Controller;
			sourceTree = "<group>";
		};
		04CC07471EDE7FD700401AEC /* Model */ = {
			isa = PBXGroup;
			children = (
				047665621EDFD32000BCCEE6 /* XFFEmotion.h */,
				047665631EDFD32000BCCEE6 /* XFFEmotion.m */,
				04C081761EE392F200B8DA75 /* XFFEmotionAttachment.h */,
				04C081771EE392F200B8DA75 /* XFFEmotionAttachment.m */,
			);
			path = Model;
			sourceTree = "<group>";
		};
		04CC07481EDE7FD700401AEC /* View */ = {
			isa = PBXGroup;
			children = (
				047665571EDFAE5000BCCEE6 /* XFFBarHUD.bundle */,
				04CC074C1EDEB6CB00401AEC /* XFFTextArea.h */,
				04CC074D1EDEB6CB00401AEC /* XFFTextArea.m */,
				04C081731EE3929D00B8DA75 /* XFFEmotionTextArea.h */,
				04C081741EE3929D00B8DA75 /* XFFEmotionTextArea.m */,
				0476654F1EDFA19700BCCEE6 /* XFFBarHUD.h */,
				047665501EDFA19700BCCEE6 /* XFFBarHUD.m */,
				047665521EDFA40300BCCEE6 /* XFFBarHUDButton.h */,
				047665531EDFA40300BCCEE6 /* XFFBarHUDButton.m */,
				04C081701EE16CD000B8DA75 /* XFFEmotionButton.h */,
				04C081711EE16CD000B8DA75 /* XFFEmotionButton.m */,
				047665691EDFD60A00BCCEE6 /* XFFEmotionContentView.h */,
				0476656A1EDFD60A00BCCEE6 /* XFFEmotionContentView.m */,
				0476656C1EE02A1400BCCEE6 /* XFFEmotionKeyboard.h */,
				0476656D1EE02A1400BCCEE6 /* XFFEmotionKeyboard.m */,
				04C081791EE399C500B8DA75 /* XFFEmotionPopView.h */,
				04C0817A1EE399C500B8DA75 /* XFFEmotionPopView.m */,
				04C0817C1EE399D100B8DA75 /* XFFEmotionPopView.xib */,
				04C0817E1EE3B50900B8DA75 /* XFFComposeToolBar.h */,
				04C0817F1EE3B50900B8DA75 /* XFFComposeToolBar.m */,
				04C081A21EE3C10900B8DA75 /* XFFComposePhotosView.h */,
				04C081A31EE3C10900B8DA75 /* XFFComposePhotosView.m */,
			);
			path = View;
			sourceTree = "<group>";
		};
		04D6C6421ECC2283004F4045 /* Dao */ = {
			isa = PBXGroup;
			children = (
				04D6C6431ECC2297004F4045 /* XFFAccountDao.h */,
				04D6C6441ECC2297004F4045 /* XFFAccountDao.m */,
			);
			path = Dao;
			sourceTree = "<group>";
		};
		858EB4204230BAC54420594E /* Frameworks */ = {
			isa = PBXGroup;
			children = (
				E5DC29E7E1004F441AD98D59 /* libPods-HotWeiBo.a */,
			);
			name = Frameworks;
			sourceTree = "<group>";
		};
/* End PBXGroup section */

/* Begin PBXNativeTarget section */
		0426141C1EC2D2E90031ACC7 /* HotWeiBo */ = {
			isa = PBXNativeTarget;
			buildConfigurationList = 0426144A1EC2D2EA0031ACC7 /* Build configuration list for PBXNativeTarget "HotWeiBo" */;
			buildPhases = (
				09F9EEE79A43A0C22DB792DF /* [CP] Check Pods Manifest.lock */,
				042614191EC2D2E90031ACC7 /* Sources */,
				0426141A1EC2D2E90031ACC7 /* Frameworks */,
				0426141B1EC2D2E90031ACC7 /* Resources */,
				C178F7C7B7E6DA73144FF38A /* [CP] Embed Pods Frameworks */,
				DF538381A57BEBE1B118900F /* [CP] Copy Pods Resources */,
			);
			buildRules = (
			);
			dependencies = (
			);
			name = HotWeiBo;
			productName = HotWeiBo;
			productReference = 0426141D1EC2D2E90031ACC7 /* HotWeiBo.app */;
			productType = "com.apple.product-type.application";
		};
		042614351EC2D2E90031ACC7 /* HotWeiBoTests */ = {
			isa = PBXNativeTarget;
			buildConfigurationList = 0426144D1EC2D2EA0031ACC7 /* Build configuration list for PBXNativeTarget "HotWeiBoTests" */;
			buildPhases = (
				042614321EC2D2E90031ACC7 /* Sources */,
				042614331EC2D2E90031ACC7 /* Frameworks */,
				042614341EC2D2E90031ACC7 /* Resources */,
			);
			buildRules = (
			);
			dependencies = (
				042614381EC2D2E90031ACC7 /* PBXTargetDependency */,
			);
			name = HotWeiBoTests;
			productName = HotWeiBoTests;
			productReference = 042614361EC2D2E90031ACC7 /* HotWeiBoTests.xctest */;
			productType = "com.apple.product-type.bundle.unit-test";
		};
		042614401EC2D2EA0031ACC7 /* HotWeiBoUITests */ = {
			isa = PBXNativeTarget;
			buildConfigurationList = 042614501EC2D2EA0031ACC7 /* Build configuration list for PBXNativeTarget "HotWeiBoUITests" */;
			buildPhases = (
				0426143D1EC2D2EA0031ACC7 /* Sources */,
				0426143E1EC2D2EA0031ACC7 /* Frameworks */,
				0426143F1EC2D2EA0031ACC7 /* Resources */,
			);
			buildRules = (
			);
			dependencies = (
				042614431EC2D2EA0031ACC7 /* PBXTargetDependency */,
			);
			name = HotWeiBoUITests;
			productName = HotWeiBoUITests;
			productReference = 042614411EC2D2EA0031ACC7 /* HotWeiBoUITests.xctest */;
			productType = "com.apple.product-type.bundle.ui-testing";
		};
/* End PBXNativeTarget section */

/* Begin PBXProject section */
		042614151EC2D2E80031ACC7 /* Project object */ = {
			isa = PBXProject;
			attributes = {
				CLASSPREFIX = XFF;
				LastUpgradeCheck = 0830;
				ORGANIZATIONNAME = XFF;
				TargetAttributes = {
					0426141C1EC2D2E90031ACC7 = {
						CreatedOnToolsVersion = 8.3.2;
						DevelopmentTeam = PKS97AHRJ7;
						ProvisioningStyle = Automatic;
					};
					042614351EC2D2E90031ACC7 = {
						CreatedOnToolsVersion = 8.3.2;
						DevelopmentTeam = PKS97AHRJ7;
						ProvisioningStyle = Automatic;
						TestTargetID = 0426141C1EC2D2E90031ACC7;
					};
					042614401EC2D2EA0031ACC7 = {
						CreatedOnToolsVersion = 8.3.2;
						DevelopmentTeam = PKS97AHRJ7;
						ProvisioningStyle = Automatic;
						TestTargetID = 0426141C1EC2D2E90031ACC7;
					};
				};
			};
			buildConfigurationList = 042614181EC2D2E90031ACC7 /* Build configuration list for PBXProject "HotWeiBo" */;
			compatibilityVersion = "Xcode 3.2";
			developmentRegion = English;
			hasScannedForEncodings = 0;
			knownRegions = (
				en,
				Base,
			);
			mainGroup = 042614141EC2D2E80031ACC7;
			productRefGroup = 0426141E1EC2D2E90031ACC7 /* Products */;
			projectDirPath = "";
			projectRoot = "";
			targets = (
				0426141C1EC2D2E90031ACC7 /* HotWeiBo */,
				042614351EC2D2E90031ACC7 /* HotWeiBoTests */,
				042614401EC2D2EA0031ACC7 /* HotWeiBoUITests */,
			);
		};
/* End PBXProject section */

/* Begin PBXResourcesBuildPhase section */
		0426141B1EC2D2E90031ACC7 /* Resources */ = {
			isa = PBXResourcesBuildPhase;
			buildActionMask = 2147483647;
			files = (
				04C0816B1EE141A300B8DA75 /* default in Resources */,
				0425DB6B1EE50CFA006762BC /* MBProgressHUD.bundle in Resources */,
				0426142D1EC2D2E90031ACC7 /* Assets.xcassets in Resources */,
				04CC07441ECFDF0C00401AEC /* XFFLoadMoreFooter.xib in Resources */,
				04C0817D1EE399D100B8DA75 /* XFFEmotionPopView.xib in Resources */,
				04C0816C1EE141A300B8DA75 /* lxh in Resources */,
				0425DB7D1EE667F2006762BC /* XFFWelcomeViewController.xib in Resources */,
				047665581EDFAE5000BCCEE6 /* XFFBarHUD.bundle in Resources */,
				0425DB781EE6673B006762BC /* XFFNewfeatureViewController.xib in Resources */,
				04C0819D1EE3BEE900B8DA75 /* QBImagePickerController.bundle in Resources */,
			);
			runOnlyForDeploymentPostprocessing = 0;
		};
		042614341EC2D2E90031ACC7 /* Resources */ = {
			isa = PBXResourcesBuildPhase;
			buildActionMask = 2147483647;
			files = (
			);
			runOnlyForDeploymentPostprocessing = 0;
		};
		0426143F1EC2D2EA0031ACC7 /* Resources */ = {
			isa = PBXResourcesBuildPhase;
			buildActionMask = 2147483647;
			files = (
			);
			runOnlyForDeploymentPostprocessing = 0;
		};
/* End PBXResourcesBuildPhase section */

/* Begin PBXShellScriptBuildPhase section */
		09F9EEE79A43A0C22DB792DF /* [CP] Check Pods Manifest.lock */ = {
			isa = PBXShellScriptBuildPhase;
			buildActionMask = 2147483647;
			files = (
			);
			inputPaths = (
			);
			name = "[CP] Check Pods Manifest.lock";
			outputPaths = (
			);
			runOnlyForDeploymentPostprocessing = 0;
			shellPath = /bin/sh;
			shellScript = "diff \"${PODS_PODFILE_DIR_PATH}/Podfile.lock\" \"${PODS_ROOT}/Manifest.lock\" > /dev/null\nif [ $? != 0 ] ; then\n    # print error to STDERR\n    echo \"error: The sandbox is not in sync with the Podfile.lock. Run 'pod install' or update your CocoaPods installation.\" >&2\n    exit 1\nfi\n";
			showEnvVarsInLog = 0;
		};
		C178F7C7B7E6DA73144FF38A /* [CP] Embed Pods Frameworks */ = {
			isa = PBXShellScriptBuildPhase;
			buildActionMask = 2147483647;
			files = (
			);
			inputPaths = (
			);
			name = "[CP] Embed Pods Frameworks";
			outputPaths = (
			);
			runOnlyForDeploymentPostprocessing = 0;
			shellPath = /bin/sh;
			shellScript = "\"${SRCROOT}/Pods/Target Support Files/Pods-HotWeiBo/Pods-HotWeiBo-frameworks.sh\"\n";
			showEnvVarsInLog = 0;
		};
		DF538381A57BEBE1B118900F /* [CP] Copy Pods Resources */ = {
			isa = PBXShellScriptBuildPhase;
			buildActionMask = 2147483647;
			files = (
			);
			inputPaths = (
			);
			name = "[CP] Copy Pods Resources";
			outputPaths = (
			);
			runOnlyForDeploymentPostprocessing = 0;
			shellPath = /bin/sh;
			shellScript = "\"${SRCROOT}/Pods/Target Support Files/Pods-HotWeiBo/Pods-HotWeiBo-resources.sh\"\n";
			showEnvVarsInLog = 0;
		};
/* End PBXShellScriptBuildPhase section */

/* Begin PBXSourcesBuildPhase section */
		042614191EC2D2E90031ACC7 /* Sources */ = {
			isa = PBXSourcesBuildPhase;
			buildActionMask = 2147483647;
			files = (
				0425DB861EE6937E006762BC /* XFFTableViewCell.m in Sources */,
				04CC073F1ECDC13F00401AEC /* NSString+Date.m in Sources */,
				04C081801EE3B50900B8DA75 /* XFFComposeToolBar.m in Sources */,
				04C0819F1EE3BEE900B8DA75 /* QBImagePickerFooterView.m in Sources */,
				04C0819C1EE3BEE900B8DA75 /* QBImagePickerAssetView.m in Sources */,
				0425DB891EE6939D006762BC /* XFFTopView.m in Sources */,
				04D3BA7B1ECD8A8D002B961F /* XFFHomeStatusResult.m in Sources */,
				04B5B7F01EC3150D00E535B1 /* UIView+Extension.m in Sources */,
				0425DB6F1EE52AE5006762BC /* XFFNetworking.m in Sources */,
				04D3BA811ECDACF7002B961F /* NSDate+Extension.m in Sources */,
				047665511EDFA19700BCCEE6 /* XFFBarHUD.m in Sources */,
				04D3BA7E1ECD9163002B961F /* XFFPicUrl.m in Sources */,
				0476655E1EDFD0C700BCCEE6 /* XFFNavHUD.m in Sources */,
				0476656B1EDFD60A00BCCEE6 /* XFFEmotionContentView.m in Sources */,
				04C0819B1EE3BEE900B8DA75 /* QBImagePickerAssetCell.m in Sources */,
				0425DB8F1EE693CC006762BC /* XFFOriginalView.m in Sources */,
				0425DB771EE6673B006762BC /* XFFNewfeatureViewController.m in Sources */,
				04CC074B1EDE802900401AEC /* XFFComposeViewController.m in Sources */,
				04B5B7E31EC2F4FA00E535B1 /* XFFDiscoverViewController.m in Sources */,
				0425DB8C1EE693AF006762BC /* XFFBottomView.m in Sources */,
				04D3BA751ECC8DAC002B961F /* XFFStatus.m in Sources */,
				04B5B7E91EC2F52300E535B1 /* XFFProfileViewController.m in Sources */,
				0436265C1EF20D7B0004B8EA /* XFFStatusTextView.m in Sources */,
				043626591EF179A40004B8EA /* XFFTextPart.m in Sources */,
				04B5B7FC1ECADDDD00E535B1 /* XFFPopMenu.m in Sources */,
				04C0819E1EE3BEE900B8DA75 /* QBImagePickerController.m in Sources */,
				0425DB7C1EE667F2006762BC /* XFFWelcomeViewController.m in Sources */,
				04B5B7E61EC2F51200E535B1 /* XFFMessageViewController.m in Sources */,
				0425DB921EE693E6006762BC /* XFFRetweetView.m in Sources */,
				04B5B7F91EC349F100E535B1 /* XFFTitleButton.m in Sources */,
				0436264A1EEE5EB10004B8EA /* XFFPhotoBrower.m in Sources */,
				04CC074E1EDEB6CB00401AEC /* XFFTextArea.m in Sources */,
				047665541EDFA40300BCCEE6 /* XFFBarHUDButton.m in Sources */,
				04C081851EE3BEDD00B8DA75 /* MBProgressHUD+MJ.m in Sources */,
				0425DBA11EE6C6E7006762BC /* XFFImageView.m in Sources */,
				04C0817B1EE399C500B8DA75 /* XFFEmotionPopView.m in Sources */,
				04C081A01EE3BEE900B8DA75 /* QBImagePickerGroupCell.m in Sources */,
				0425DB801EE66812006762BC /* UIWindow+Extension.m in Sources */,
				047665641EDFD32000BCCEE6 /* XFFEmotion.m in Sources */,
				0425DB9B1EE6C105006762BC /* XFFPicturesView.m in Sources */,
				04C0816E1EE1546300B8DA75 /* XFFConst.m in Sources */,
				04C0819A1EE3BEE900B8DA75 /* QBAssetCollectionViewController.m in Sources */,
				04B5B8061ECB0ADA00E535B1 /* XFFOauthController.m in Sources */,
				04C081751EE3929D00B8DA75 /* XFFEmotionTextArea.m in Sources */,
				0436265F1EF22E390004B8EA /* XFFTextPartDao.m in Sources */,
				04B5B7F61EC344BE00E535B1 /* UIBarButtonItem+Extension.m in Sources */,
				047665681EDFD40100BCCEE6 /* XFFEmotionDao.m in Sources */,
				04C081781EE392F200B8DA75 /* XFFEmotionAttachment.m in Sources */,
				04B5B7DA1EC2F16900E535B1 /* main.m in Sources */,
				04B5B7DD1EC2F45C00E535B1 /* XFFTabBarController.m in Sources */,
				04D6C6411ECC1C3A004F4045 /* XFFAccount.m in Sources */,
				04B5B7E01EC2F4E200E535B1 /* XFFHomeViewController.m in Sources */,
				0476656E1EE02A1400BCCEE6 /* XFFEmotionKeyboard.m in Sources */,
				04B5B7ED1EC308EE00E535B1 /* XFFTabBar.m in Sources */,
				04C081A11EE3BEE900B8DA75 /* QBImagePickerVideoInfoView.m in Sources */,
				04B5B7D91EC2F16900E535B1 /* AppDelegate.m in Sources */,
				0425DB951EE69402006762BC /* XFFStatusFrame.m in Sources */,
				04C081A41EE3C10900B8DA75 /* XFFComposePhotosView.m in Sources */,
				0425DB981EE6ACE3006762BC /* UIImage+XFF.m in Sources */,
				04CC07421ECFDEE400401AEC /* XFFLoadMoreFooter.m in Sources */,
				043626501EEF95970004B8EA /* UIView+ViewController.m in Sources */,
				04C081721EE16CD000B8DA75 /* XFFEmotionButton.m in Sources */,
				04B5B7FF1ECAF1E600E535B1 /* XFFPopMenuController.m in Sources */,
				04D6C6451ECC2297004F4045 /* XFFAccountDao.m in Sources */,
				04D3BA781ECC8DBA002B961F /* XFFUser.m in Sources */,
			);
			runOnlyForDeploymentPostprocessing = 0;
		};
		042614321EC2D2E90031ACC7 /* Sources */ = {
			isa = PBXSourcesBuildPhase;
			buildActionMask = 2147483647;
			files = (
				0426143B1EC2D2E90031ACC7 /* HotWeiBoTests.m in Sources */,
			);
			runOnlyForDeploymentPostprocessing = 0;
		};
		0426143D1EC2D2EA0031ACC7 /* Sources */ = {
			isa = PBXSourcesBuildPhase;
			buildActionMask = 2147483647;
			files = (
				042614461EC2D2EA0031ACC7 /* HotWeiBoUITests.m in Sources */,
			);
			runOnlyForDeploymentPostprocessing = 0;
		};
/* End PBXSourcesBuildPhase section */

/* Begin PBXTargetDependency section */
		042614381EC2D2E90031ACC7 /* PBXTargetDependency */ = {
			isa = PBXTargetDependency;
			target = 0426141C1EC2D2E90031ACC7 /* HotWeiBo */;
			targetProxy = 042614371EC2D2E90031ACC7 /* PBXContainerItemProxy */;
		};
		042614431EC2D2EA0031ACC7 /* PBXTargetDependency */ = {
			isa = PBXTargetDependency;
			target = 0426141C1EC2D2E90031ACC7 /* HotWeiBo */;
			targetProxy = 042614421EC2D2EA0031ACC7 /* PBXContainerItemProxy */;
		};
/* End PBXTargetDependency section */

/* Begin XCBuildConfiguration section */
		042614481EC2D2EA0031ACC7 /* Debug */ = {
			isa = XCBuildConfiguration;
			buildSettings = {
				ALWAYS_SEARCH_USER_PATHS = NO;
				CLANG_ANALYZER_NONNULL = YES;
				CLANG_ANALYZER_NUMBER_OBJECT_CONVERSION = YES_AGGRESSIVE;
				CLANG_CXX_LANGUAGE_STANDARD = "gnu++0x";
				CLANG_CXX_LIBRARY = "libc++";
				CLANG_ENABLE_MODULES = YES;
				CLANG_ENABLE_OBJC_ARC = YES;
				CLANG_WARN_BOOL_CONVERSION = YES;
				CLANG_WARN_CONSTANT_CONVERSION = YES;
				CLANG_WARN_DIRECT_OBJC_ISA_USAGE = YES_ERROR;
				CLANG_WARN_DOCUMENTATION_COMMENTS = YES;
				CLANG_WARN_EMPTY_BODY = YES;
				CLANG_WARN_ENUM_CONVERSION = YES;
				CLANG_WARN_INFINITE_RECURSION = YES;
				CLANG_WARN_INT_CONVERSION = YES;
				CLANG_WARN_OBJC_ROOT_CLASS = YES_ERROR;
				CLANG_WARN_SUSPICIOUS_MOVE = YES;
				CLANG_WARN_UNREACHABLE_CODE = YES;
				CLANG_WARN__DUPLICATE_METHOD_MATCH = YES;
				"CODE_SIGN_IDENTITY[sdk=iphoneos*]" = "iPhone Developer";
				COPY_PHASE_STRIP = NO;
				DEBUG_INFORMATION_FORMAT = dwarf;
				ENABLE_STRICT_OBJC_MSGSEND = YES;
				ENABLE_TESTABILITY = YES;
				GCC_C_LANGUAGE_STANDARD = gnu99;
				GCC_DYNAMIC_NO_PIC = NO;
				GCC_NO_COMMON_BLOCKS = YES;
				GCC_OPTIMIZATION_LEVEL = 0;
				GCC_PREPROCESSOR_DEFINITIONS = (
					"DEBUG=1",
					"$(inherited)",
				);
				GCC_WARN_64_TO_32_BIT_CONVERSION = YES;
				GCC_WARN_ABOUT_RETURN_TYPE = YES_ERROR;
				GCC_WARN_UNDECLARED_SELECTOR = YES;
				GCC_WARN_UNINITIALIZED_AUTOS = YES_AGGRESSIVE;
				GCC_WARN_UNUSED_FUNCTION = YES;
				GCC_WARN_UNUSED_VARIABLE = YES;
				IPHONEOS_DEPLOYMENT_TARGET = 10.3;
				MTL_ENABLE_DEBUG_INFO = YES;
				ONLY_ACTIVE_ARCH = YES;
				SDKROOT = iphoneos;
			};
			name = Debug;
		};
		042614491EC2D2EA0031ACC7 /* Release */ = {
			isa = XCBuildConfiguration;
			buildSettings = {
				ALWAYS_SEARCH_USER_PATHS = NO;
				CLANG_ANALYZER_NONNULL = YES;
				CLANG_ANALYZER_NUMBER_OBJECT_CONVERSION = YES_AGGRESSIVE;
				CLANG_CXX_LANGUAGE_STANDARD = "gnu++0x";
				CLANG_CXX_LIBRARY = "libc++";
				CLANG_ENABLE_MODULES = YES;
				CLANG_ENABLE_OBJC_ARC = YES;
				CLANG_WARN_BOOL_CONVERSION = YES;
				CLANG_WARN_CONSTANT_CONVERSION = YES;
				CLANG_WARN_DIRECT_OBJC_ISA_USAGE = YES_ERROR;
				CLANG_WARN_DOCUMENTATION_COMMENTS = YES;
				CLANG_WARN_EMPTY_BODY = YES;
				CLANG_WARN_ENUM_CONVERSION = YES;
				CLANG_WARN_INFINITE_RECURSION = YES;
				CLANG_WARN_INT_CONVERSION = YES;
				CLANG_WARN_OBJC_ROOT_CLASS = YES_ERROR;
				CLANG_WARN_SUSPICIOUS_MOVE = YES;
				CLANG_WARN_UNREACHABLE_CODE = YES;
				CLANG_WARN__DUPLICATE_METHOD_MATCH = YES;
				"CODE_SIGN_IDENTITY[sdk=iphoneos*]" = "iPhone Developer";
				COPY_PHASE_STRIP = NO;
				DEBUG_INFORMATION_FORMAT = "dwarf-with-dsym";
				ENABLE_NS_ASSERTIONS = NO;
				ENABLE_STRICT_OBJC_MSGSEND = YES;
				GCC_C_LANGUAGE_STANDARD = gnu99;
				GCC_NO_COMMON_BLOCKS = YES;
				GCC_WARN_64_TO_32_BIT_CONVERSION = YES;
				GCC_WARN_ABOUT_RETURN_TYPE = YES_ERROR;
				GCC_WARN_UNDECLARED_SELECTOR = YES;
				GCC_WARN_UNINITIALIZED_AUTOS = YES_AGGRESSIVE;
				GCC_WARN_UNUSED_FUNCTION = YES;
				GCC_WARN_UNUSED_VARIABLE = YES;
				IPHONEOS_DEPLOYMENT_TARGET = 10.3;
				MTL_ENABLE_DEBUG_INFO = NO;
				SDKROOT = iphoneos;
				VALIDATE_PRODUCT = YES;
			};
			name = Release;
		};
		0426144B1EC2D2EA0031ACC7 /* Debug */ = {
			isa = XCBuildConfiguration;
			baseConfigurationReference = 1313267BB48A1F24DF5A2F9F /* Pods-HotWeiBo.debug.xcconfig */;
			buildSettings = {
				ASSETCATALOG_COMPILER_APPICON_NAME = AppIcon;
				ASSETCATALOG_COMPILER_LAUNCHIMAGE_NAME = LaunchImage;
				DEVELOPMENT_TEAM = PKS97AHRJ7;
				GCC_PREFIX_HEADER = HotWeiBo/Classes/Main/Other/HotWeiBo.pch;
				INFOPLIST_FILE = HotWeiBo/Info.plist;
				IPHONEOS_DEPLOYMENT_TARGET = 8.0;
				LD_RUNPATH_SEARCH_PATHS = "$(inherited) @executable_path/Frameworks";
				PRODUCT_BUNDLE_IDENTIFIER = leleguodong.com.www.HotWeiBo;
				PRODUCT_NAME = "$(TARGET_NAME)";
			};
			name = Debug;
		};
		0426144C1EC2D2EA0031ACC7 /* Release */ = {
			isa = XCBuildConfiguration;
			baseConfigurationReference = 9DCE9D2A1FF9D36AA53C8CFA /* Pods-HotWeiBo.release.xcconfig */;
			buildSettings = {
				ASSETCATALOG_COMPILER_APPICON_NAME = AppIcon;
				ASSETCATALOG_COMPILER_LAUNCHIMAGE_NAME = LaunchImage;
				DEVELOPMENT_TEAM = PKS97AHRJ7;
				GCC_PREFIX_HEADER = HotWeiBo/Classes/Main/Other/HotWeiBo.pch;
				INFOPLIST_FILE = HotWeiBo/Info.plist;
				IPHONEOS_DEPLOYMENT_TARGET = 8.0;
				LD_RUNPATH_SEARCH_PATHS = "$(inherited) @executable_path/Frameworks";
				PRODUCT_BUNDLE_IDENTIFIER = leleguodong.com.www.HotWeiBo;
				PRODUCT_NAME = "$(TARGET_NAME)";
			};
			name = Release;
		};
		0426144E1EC2D2EA0031ACC7 /* Debug */ = {
			isa = XCBuildConfiguration;
			buildSettings = {
				BUNDLE_LOADER = "$(TEST_HOST)";
				DEVELOPMENT_TEAM = PKS97AHRJ7;
				INFOPLIST_FILE = HotWeiBoTests/Info.plist;
				LD_RUNPATH_SEARCH_PATHS = "$(inherited) @executable_path/Frameworks @loader_path/Frameworks";
				PRODUCT_BUNDLE_IDENTIFIER = leleguodong.com.www.HotWeiBoTests;
				PRODUCT_NAME = "$(TARGET_NAME)";
				TEST_HOST = "$(BUILT_PRODUCTS_DIR)/HotWeiBo.app/HotWeiBo";
			};
			name = Debug;
		};
		0426144F1EC2D2EA0031ACC7 /* Release */ = {
			isa = XCBuildConfiguration;
			buildSettings = {
				BUNDLE_LOADER = "$(TEST_HOST)";
				DEVELOPMENT_TEAM = PKS97AHRJ7;
				INFOPLIST_FILE = HotWeiBoTests/Info.plist;
				LD_RUNPATH_SEARCH_PATHS = "$(inherited) @executable_path/Frameworks @loader_path/Frameworks";
				PRODUCT_BUNDLE_IDENTIFIER = leleguodong.com.www.HotWeiBoTests;
				PRODUCT_NAME = "$(TARGET_NAME)";
				TEST_HOST = "$(BUILT_PRODUCTS_DIR)/HotWeiBo.app/HotWeiBo";
			};
			name = Release;
		};
		042614511EC2D2EA0031ACC7 /* Debug */ = {
			isa = XCBuildConfiguration;
			buildSettings = {
				DEVELOPMENT_TEAM = PKS97AHRJ7;
				INFOPLIST_FILE = HotWeiBoUITests/Info.plist;
				LD_RUNPATH_SEARCH_PATHS = "$(inherited) @executable_path/Frameworks @loader_path/Frameworks";
				PRODUCT_BUNDLE_IDENTIFIER = leleguodong.com.www.HotWeiBoUITests;
				PRODUCT_NAME = "$(TARGET_NAME)";
				TEST_TARGET_NAME = HotWeiBo;
			};
			name = Debug;
		};
		042614521EC2D2EA0031ACC7 /* Release */ = {
			isa = XCBuildConfiguration;
			buildSettings = {
				DEVELOPMENT_TEAM = PKS97AHRJ7;
				INFOPLIST_FILE = HotWeiBoUITests/Info.plist;
				LD_RUNPATH_SEARCH_PATHS = "$(inherited) @executable_path/Frameworks @loader_path/Frameworks";
				PRODUCT_BUNDLE_IDENTIFIER = leleguodong.com.www.HotWeiBoUITests;
				PRODUCT_NAME = "$(TARGET_NAME)";
				TEST_TARGET_NAME = HotWeiBo;
			};
			name = Release;
		};
/* End XCBuildConfiguration section */

/* Begin XCConfigurationList section */
		042614181EC2D2E90031ACC7 /* Build configuration list for PBXProject "HotWeiBo" */ = {
			isa = XCConfigurationList;
			buildConfigurations = (
				042614481EC2D2EA0031ACC7 /* Debug */,
				042614491EC2D2EA0031ACC7 /* Release */,
			);
			defaultConfigurationIsVisible = 0;
			defaultConfigurationName = Release;
		};
		0426144A1EC2D2EA0031ACC7 /* Build configuration list for PBXNativeTarget "HotWeiBo" */ = {
			isa = XCConfigurationList;
			buildConfigurations = (
				0426144B1EC2D2EA0031ACC7 /* Debug */,
				0426144C1EC2D2EA0031ACC7 /* Release */,
			);
			defaultConfigurationIsVisible = 0;
			defaultConfigurationName = Release;
		};
		0426144D1EC2D2EA0031ACC7 /* Build configuration list for PBXNativeTarget "HotWeiBoTests" */ = {
			isa = XCConfigurationList;
			buildConfigurations = (
				0426144E1EC2D2EA0031ACC7 /* Debug */,
				0426144F1EC2D2EA0031ACC7 /* Release */,
			);
			defaultConfigurationIsVisible = 0;
			defaultConfigurationName = Release;
		};
		042614501EC2D2EA0031ACC7 /* Build configuration list for PBXNativeTarget "HotWeiBoUITests" */ = {
			isa = XCConfigurationList;
			buildConfigurations = (
				042614511EC2D2EA0031ACC7 /* Debug */,
				042614521EC2D2EA0031ACC7 /* Release */,
			);
			defaultConfigurationIsVisible = 0;
			defaultConfigurationName = Release;
		};
/* End XCConfigurationList section */
	};
	rootObject = 042614151EC2D2E80031ACC7 /* Project object */;
}
